// !$*UTF8*$!
{
	archiveVersion = 1;
	classes = {
	};
	objectVersion = 46;
	objects = {

/* Begin PBXBuildFile section */
		3F0294581982BFCD0016845A /* AudioToolbox.framework in Frameworks */ = {isa = PBXBuildFile; fileRef = 3F0294571982BFCD0016845A /* AudioToolbox.framework */; };
		3F02945A1982BFD20016845A /* CFNetwork.framework in Frameworks */ = {isa = PBXBuildFile; fileRef = 3F0294591982BFD20016845A /* CFNetwork.framework */; };
		3F02945C1982BFDF0016845A /* CoreLocation.framework in Frameworks */ = {isa = PBXBuildFile; fileRef = 3F02945B1982BFDF0016845A /* CoreLocation.framework */; };
		3F02945E1982BFF70016845A /* libz.dylib in Frameworks */ = {isa = PBXBuildFile; fileRef = 3F02945D1982BFF70016845A /* libz.dylib */; };
		3F0294601982C0010016845A /* MobileCoreServices.framework in Frameworks */ = {isa = PBXBuildFile; fileRef = 3F02945F1982C0010016845A /* MobileCoreServices.framework */; };
		3F0294621982C0080016845A /* QuartzCore.framework in Frameworks */ = {isa = PBXBuildFile; fileRef = 3F0294611982C0080016845A /* QuartzCore.framework */; };
		3F0294641982C0120016845A /* Security.framework in Frameworks */ = {isa = PBXBuildFile; fileRef = 3F0294631982C0120016845A /* Security.framework */; };
		3F0294661982C01A0016845A /* StoreKit.framework in Frameworks */ = {isa = PBXBuildFile; fileRef = 3F0294651982C01A0016845A /* StoreKit.framework */; };
		3F0294681982C0200016845A /* SystemConfiguration.framework in Frameworks */ = {isa = PBXBuildFile; fileRef = 3F0294671982C0200016845A /* SystemConfiguration.framework */; };
		3F1107E419903FDB0063ED9B /* Interval.m in Sources */ = {isa = PBXBuildFile; fileRef = 3F1107E319903FDB0063ED9B /* Interval.m */; };
		3F28B37019C7A214006E9C97 /* Parse.framework in Frameworks */ = {isa = PBXBuildFile; fileRef = 3F28B36F19C7A214006E9C97 /* Parse.framework */; };
		3F296DB4199131A20059E19E /* PersonsInIntervalTableViewController.m in Sources */ = {isa = PBXBuildFile; fileRef = 3F296DB3199131A20059E19E /* PersonsInIntervalTableViewController.m */; };
		3F439672198364CF00C27E6D /* GenerateScheduleViewController.m in Sources */ = {isa = PBXBuildFile; fileRef = 3F439671198364CF00C27E6D /* GenerateScheduleViewController.m */; };
		3F44CE5F19CCE6A500271D3E /* Constants.m in Sources */ = {isa = PBXBuildFile; fileRef = 3F44CE5E19CCE6A500271D3E /* Constants.m */; };
		3F4CA9BB19B2ABD500EA5BDE /* PasswordTableViewCell.m in Sources */ = {isa = PBXBuildFile; fileRef = 3F4CA9BA19B2ABD500EA5BDE /* PasswordTableViewCell.m */; };
		3F616051198DA61E006EF048 /* IntervalTableViewCell.m in Sources */ = {isa = PBXBuildFile; fileRef = 3F616050198DA61E006EF048 /* IntervalTableViewCell.m */; };
		3F616054198DAFD5006EF048 /* EnterScheduleViewController.m in Sources */ = {isa = PBXBuildFile; fileRef = 3F616053198DAFD5006EF048 /* EnterScheduleViewController.m */; };
		3F71811F199D117200737662 /* DefaultSettingsViewController.m in Sources */ = {isa = PBXBuildFile; fileRef = 3F71811E199D117200737662 /* DefaultSettingsViewController.m */; };
		3F738C2919B401880089878F /* JoinScheduleTableViewController.m in Sources */ = {isa = PBXBuildFile; fileRef = 3F738C2819B401880089878F /* JoinScheduleTableViewController.m */; };
		3F87220E19A2627A005F12DD /* AlgorithmTest.m in Sources */ = {isa = PBXBuildFile; fileRef = 3F87220D19A2627A005F12DD /* AlgorithmTest.m */; };
		3F8A32F619AEC1CC00C63E65 /* HomeGame.m in Sources */ = {isa = PBXBuildFile; fileRef = 3F8A32F519AEC1CC00C63E65 /* HomeGame.m */; };
		3F94B853199AA43D00A2DCF1 /* NameOfScheduleTableViewCell.m in Sources */ = {isa = PBXBuildFile; fileRef = 3F94B852199AA43D00A2DCF1 /* NameOfScheduleTableViewCell.m */; };
		3F9B3E081989DEAA0041EFCC /* IntervalsTableViewController.m in Sources */ = {isa = PBXBuildFile; fileRef = 3F9B3E071989DEAA0041EFCC /* IntervalsTableViewController.m */; };
		3FA6D50A1965E7A50043087B /* CoreGraphics.framework in Frameworks */ = {isa = PBXBuildFile; fileRef = 3FA6D5091965E7A50043087B /* CoreGraphics.framework */; };
		3FA6D50C1965E7A50043087B /* UIKit.framework in Frameworks */ = {isa = PBXBuildFile; fileRef = 3FA6D50B1965E7A50043087B /* UIKit.framework */; };
		3FA6D5121965E7A50043087B /* InfoPlist.strings in Resources */ = {isa = PBXBuildFile; fileRef = 3FA6D5101965E7A50043087B /* InfoPlist.strings */; };
		3FA6D5141965E7A50043087B /* main.m in Sources */ = {isa = PBXBuildFile; fileRef = 3FA6D5131965E7A50043087B /* main.m */; };
		3FA6D5181965E7A50043087B /* ScheduleAppDelegate.m in Sources */ = {isa = PBXBuildFile; fileRef = 3FA6D5171965E7A50043087B /* ScheduleAppDelegate.m */; };
		3FA6D51B1965E7A50043087B /* Main.storyboard in Resources */ = {isa = PBXBuildFile; fileRef = 3FA6D5191965E7A50043087B /* Main.storyboard */; };
		3FA6D5201965E7A50043087B /* Images.xcassets in Resources */ = {isa = PBXBuildFile; fileRef = 3FA6D51F1965E7A50043087B /* Images.xcassets */; };
		3FA6D5271965E7A50043087B /* XCTest.framework in Frameworks */ = {isa = PBXBuildFile; fileRef = 3FA6D5261965E7A50043087B /* XCTest.framework */; };
		3FA6D5281965E7A50043087B /* Foundation.framework in Frameworks */ = {isa = PBXBuildFile; fileRef = 3FA6D5071965E7A50043087B /* Foundation.framework */; };
		3FA6D5291965E7A50043087B /* UIKit.framework in Frameworks */ = {isa = PBXBuildFile; fileRef = 3FA6D50B1965E7A50043087B /* UIKit.framework */; };
		3FA6D5311965E7A50043087B /* InfoPlist.strings in Resources */ = {isa = PBXBuildFile; fileRef = 3FA6D52F1965E7A50043087B /* InfoPlist.strings */; };
		3FA6D5331965E7A50043087B /* TentTests.m in Sources */ = {isa = PBXBuildFile; fileRef = 3FA6D5321965E7A50043087B /* TentTests.m */; };
		3FB42F5019B2A54B0079EDE1 /* PrivacyTableViewCell.m in Sources */ = {isa = PBXBuildFile; fileRef = 3FB42F4F19B2A54B0079EDE1 /* PrivacyTableViewCell.m */; };
		3FC432B319A0565100B560F1 /* Social.framework in Frameworks */ = {isa = PBXBuildFile; fileRef = 3FC432B219A0565100B560F1 /* Social.framework */; };
		3FC432B519A056DD00B560F1 /* Accounts.framework in Frameworks */ = {isa = PBXBuildFile; fileRef = 3FC432B419A056DD00B560F1 /* Accounts.framework */; };
		3FC432B919A0581A00B560F1 /* MyPFLogInViewController.m in Sources */ = {isa = PBXBuildFile; fileRef = 3FC432B819A0581A00B560F1 /* MyPFLogInViewController.m */; };
		3FC432BC19A0583700B560F1 /* MyPFSignUpViewController.m in Sources */ = {isa = PBXBuildFile; fileRef = 3FC432BB19A0583700B560F1 /* MyPFSignUpViewController.m */; };
		3FC68EAC19970E1900C9DD95 /* AddScheduleViewController.m in Sources */ = {isa = PBXBuildFile; fileRef = 3FC68EAB19970E1900C9DD95 /* AddScheduleViewController.m */; };
		3FCB16C419AE5BAF004E1BF3 /* NewScheduleTableViewController.m in Sources */ = {isa = PBXBuildFile; fileRef = 3FCB16C319AE5BAF004E1BF3 /* NewScheduleTableViewController.m */; };
		3FD6963C1996A7DB00D9C5C4 /* AddPersonViewController.m in Sources */ = {isa = PBXBuildFile; fileRef = 3FD6963B1996A7DB00D9C5C4 /* AddPersonViewController.m */; };
		3FDE355A198094C700CE47D8 /* EnterScheduleTableViewController.m in Sources */ = {isa = PBXBuildFile; fileRef = 3FDE3559198094C700CE47D8 /* EnterScheduleTableViewController.m */; };
		3FDE355D19809CC400CE47D8 /* PickPersonTableViewController.m in Sources */ = {isa = PBXBuildFile; fileRef = 3FDE355C19809CC400CE47D8 /* PickPersonTableViewController.m */; };
		3FDE35631980A5DA00CE47D8 /* Person.m in Sources */ = {isa = PBXBuildFile; fileRef = 3FDE35621980A5DA00CE47D8 /* Person.m */; };
		3FDE35661980A6DA00CE47D8 /* Schedule.m in Sources */ = {isa = PBXBuildFile; fileRef = 3FDE35651980A6DA00CE47D8 /* Schedule.m */; };
		3FE8449119AFB05000BAFB78 /* HomeGamesTableViewCell.m in Sources */ = {isa = PBXBuildFile; fileRef = 3FE8449019AFB05000BAFB78 /* HomeGamesTableViewCell.m */; };
		3FEAEB151989B07D00E3218F /* HomeBaseTableViewController.m in Sources */ = {isa = PBXBuildFile; fileRef = 3FEAEB141989B07D00E3218F /* HomeBaseTableViewController.m */; };
		3FF4D30F19B4F24500D09EC6 /* ScheduleTableViewCell.m in Sources */ = {isa = PBXBuildFile; fileRef = 3FF4D30E19B4F24500D09EC6 /* ScheduleTableViewCell.m */; };
		3FF75E9119985BBB005D7857 /* MySchedulesTableViewController.m in Sources */ = {isa = PBXBuildFile; fileRef = 3FF75E9019985BBB005D7857 /* MySchedulesTableViewController.m */; };
		3FF75E9419985DF2005D7857 /* CreateScheduleTableViewController.m in Sources */ = {isa = PBXBuildFile; fileRef = 3FF75E9319985DF2005D7857 /* CreateScheduleTableViewController.m */; };
/* End PBXBuildFile section */

/* Begin PBXContainerItemProxy section */
		3FA6D52A1965E7A50043087B /* PBXContainerItemProxy */ = {
			isa = PBXContainerItemProxy;
			containerPortal = 3FA6D4FC1965E7A50043087B /* Project object */;
			proxyType = 1;
			remoteGlobalIDString = 3FA6D5031965E7A50043087B;
			remoteInfo = Tent;
		};
/* End PBXContainerItemProxy section */

/* Begin PBXFileReference section */
		3F0294551982BF680016845A /* Parse.framework */ = {isa = PBXFileReference; lastKnownFileType = wrapper.framework; path = Parse.framework; sourceTree = "<group>"; };
		3F0294571982BFCD0016845A /* AudioToolbox.framework */ = {isa = PBXFileReference; lastKnownFileType = wrapper.framework; name = AudioToolbox.framework; path = System/Library/Frameworks/AudioToolbox.framework; sourceTree = SDKROOT; };
		3F0294591982BFD20016845A /* CFNetwork.framework */ = {isa = PBXFileReference; lastKnownFileType = wrapper.framework; name = CFNetwork.framework; path = System/Library/Frameworks/CFNetwork.framework; sourceTree = SDKROOT; };
		3F02945B1982BFDF0016845A /* CoreLocation.framework */ = {isa = PBXFileReference; lastKnownFileType = wrapper.framework; name = CoreLocation.framework; path = System/Library/Frameworks/CoreLocation.framework; sourceTree = SDKROOT; };
		3F02945D1982BFF70016845A /* libz.dylib */ = {isa = PBXFileReference; lastKnownFileType = "compiled.mach-o.dylib"; name = libz.dylib; path = usr/lib/libz.dylib; sourceTree = SDKROOT; };
		3F02945F1982C0010016845A /* MobileCoreServices.framework */ = {isa = PBXFileReference; lastKnownFileType = wrapper.framework; name = MobileCoreServices.framework; path = System/Library/Frameworks/MobileCoreServices.framework; sourceTree = SDKROOT; };
		3F0294611982C0080016845A /* QuartzCore.framework */ = {isa = PBXFileReference; lastKnownFileType = wrapper.framework; name = QuartzCore.framework; path = System/Library/Frameworks/QuartzCore.framework; sourceTree = SDKROOT; };
		3F0294631982C0120016845A /* Security.framework */ = {isa = PBXFileReference; lastKnownFileType = wrapper.framework; name = Security.framework; path = System/Library/Frameworks/Security.framework; sourceTree = SDKROOT; };
		3F0294651982C01A0016845A /* StoreKit.framework */ = {isa = PBXFileReference; lastKnownFileType = wrapper.framework; name = StoreKit.framework; path = System/Library/Frameworks/StoreKit.framework; sourceTree = SDKROOT; };
		3F0294671982C0200016845A /* SystemConfiguration.framework */ = {isa = PBXFileReference; lastKnownFileType = wrapper.framework; name = SystemConfiguration.framework; path = System/Library/Frameworks/SystemConfiguration.framework; sourceTree = SDKROOT; };
		3F1107E219903FDB0063ED9B /* Interval.h */ = {isa = PBXFileReference; fileEncoding = 4; lastKnownFileType = sourcecode.c.h; name = Interval.h; path = Model/Interval.h; sourceTree = "<group>"; };
		3F1107E319903FDB0063ED9B /* Interval.m */ = {isa = PBXFileReference; fileEncoding = 4; lastKnownFileType = sourcecode.c.objc; name = Interval.m; path = Model/Interval.m; sourceTree = "<group>"; };
		3F28B36F19C7A214006E9C97 /* Parse.framework */ = {isa = PBXFileReference; lastKnownFileType = wrapper.framework; name = Parse.framework; path = "../AnyWall-master/Parse.framework"; sourceTree = "<group>"; };
		3F296DB2199131A20059E19E /* PersonsInIntervalTableViewController.h */ = {isa = PBXFileReference; fileEncoding = 4; lastKnownFileType = sourcecode.c.h; path = PersonsInIntervalTableViewController.h; sourceTree = "<group>"; };
		3F296DB3199131A20059E19E /* PersonsInIntervalTableViewController.m */ = {isa = PBXFileReference; fileEncoding = 4; lastKnownFileType = sourcecode.c.objc; path = PersonsInIntervalTableViewController.m; sourceTree = "<group>"; };
		3F439670198364CF00C27E6D /* GenerateScheduleViewController.h */ = {isa = PBXFileReference; fileEncoding = 4; lastKnownFileType = sourcecode.c.h; path = GenerateScheduleViewController.h; sourceTree = "<group>"; };
		3F439671198364CF00C27E6D /* GenerateScheduleViewController.m */ = {isa = PBXFileReference; fileEncoding = 4; lastKnownFileType = sourcecode.c.objc; path = GenerateScheduleViewController.m; sourceTree = "<group>"; };
		3F44CE5D19CCE6A500271D3E /* Constants.h */ = {isa = PBXFileReference; fileEncoding = 4; lastKnownFileType = sourcecode.c.h; path = Constants.h; sourceTree = "<group>"; };
		3F44CE5E19CCE6A500271D3E /* Constants.m */ = {isa = PBXFileReference; fileEncoding = 4; lastKnownFileType = sourcecode.c.objc; path = Constants.m; sourceTree = "<group>"; };
		3F4CA9B919B2ABD500EA5BDE /* PasswordTableViewCell.h */ = {isa = PBXFileReference; fileEncoding = 4; lastKnownFileType = sourcecode.c.h; path = PasswordTableViewCell.h; sourceTree = "<group>"; };
		3F4CA9BA19B2ABD500EA5BDE /* PasswordTableViewCell.m */ = {isa = PBXFileReference; fileEncoding = 4; lastKnownFileType = sourcecode.c.objc; path = PasswordTableViewCell.m; sourceTree = "<group>"; };
		3F61604F198DA61E006EF048 /* IntervalTableViewCell.h */ = {isa = PBXFileReference; fileEncoding = 4; lastKnownFileType = sourcecode.c.h; path = IntervalTableViewCell.h; sourceTree = "<group>"; };
		3F616050198DA61E006EF048 /* IntervalTableViewCell.m */ = {isa = PBXFileReference; fileEncoding = 4; lastKnownFileType = sourcecode.c.objc; path = IntervalTableViewCell.m; sourceTree = "<group>"; };
		3F616052198DAFD5006EF048 /* EnterScheduleViewController.h */ = {isa = PBXFileReference; fileEncoding = 4; lastKnownFileType = sourcecode.c.h; path = EnterScheduleViewController.h; sourceTree = "<group>"; };
		3F616053198DAFD5006EF048 /* EnterScheduleViewController.m */ = {isa = PBXFileReference; fileEncoding = 4; lastKnownFileType = sourcecode.c.objc; path = EnterScheduleViewController.m; sourceTree = "<group>"; };
		3F71811D199D117200737662 /* DefaultSettingsViewController.h */ = {isa = PBXFileReference; fileEncoding = 4; lastKnownFileType = sourcecode.c.h; name = DefaultSettingsViewController.h; path = ../DefaultSettingsViewController.h; sourceTree = "<group>"; };
		3F71811E199D117200737662 /* DefaultSettingsViewController.m */ = {isa = PBXFileReference; fileEncoding = 4; lastKnownFileType = sourcecode.c.objc; name = DefaultSettingsViewController.m; path = ../DefaultSettingsViewController.m; sourceTree = "<group>"; };
		3F738C2719B401880089878F /* JoinScheduleTableViewController.h */ = {isa = PBXFileReference; fileEncoding = 4; lastKnownFileType = sourcecode.c.h; path = JoinScheduleTableViewController.h; sourceTree = "<group>"; };
		3F738C2819B401880089878F /* JoinScheduleTableViewController.m */ = {isa = PBXFileReference; fileEncoding = 4; lastKnownFileType = sourcecode.c.objc; path = JoinScheduleTableViewController.m; sourceTree = "<group>"; };
		3F87220C19A2627A005F12DD /* AlgorithmTest.h */ = {isa = PBXFileReference; fileEncoding = 4; lastKnownFileType = sourcecode.c.h; path = AlgorithmTest.h; sourceTree = "<group>"; };
		3F87220D19A2627A005F12DD /* AlgorithmTest.m */ = {isa = PBXFileReference; fileEncoding = 4; lastKnownFileType = sourcecode.c.objc; path = AlgorithmTest.m; sourceTree = "<group>"; };
		3F8A32F419AEC1CC00C63E65 /* HomeGame.h */ = {isa = PBXFileReference; fileEncoding = 4; lastKnownFileType = sourcecode.c.h; path = HomeGame.h; sourceTree = "<group>"; };
		3F8A32F519AEC1CC00C63E65 /* HomeGame.m */ = {isa = PBXFileReference; fileEncoding = 4; lastKnownFileType = sourcecode.c.objc; path = HomeGame.m; sourceTree = "<group>"; };
		3F94B851199AA43D00A2DCF1 /* NameOfScheduleTableViewCell.h */ = {isa = PBXFileReference; fileEncoding = 4; lastKnownFileType = sourcecode.c.h; path = NameOfScheduleTableViewCell.h; sourceTree = "<group>"; };
		3F94B852199AA43D00A2DCF1 /* NameOfScheduleTableViewCell.m */ = {isa = PBXFileReference; fileEncoding = 4; lastKnownFileType = sourcecode.c.objc; path = NameOfScheduleTableViewCell.m; sourceTree = "<group>"; };
		3F9B3E061989DEAA0041EFCC /* IntervalsTableViewController.h */ = {isa = PBXFileReference; fileEncoding = 4; lastKnownFileType = sourcecode.c.h; path = IntervalsTableViewController.h; sourceTree = "<group>"; };
		3F9B3E071989DEAA0041EFCC /* IntervalsTableViewController.m */ = {isa = PBXFileReference; fileEncoding = 4; lastKnownFileType = sourcecode.c.objc; path = IntervalsTableViewController.m; sourceTree = "<group>"; };
		3FA6D5041965E7A50043087B /* Tent.app */ = {isa = PBXFileReference; explicitFileType = wrapper.application; includeInIndex = 0; path = Tent.app; sourceTree = BUILT_PRODUCTS_DIR; };
		3FA6D5071965E7A50043087B /* Foundation.framework */ = {isa = PBXFileReference; lastKnownFileType = wrapper.framework; name = Foundation.framework; path = System/Library/Frameworks/Foundation.framework; sourceTree = SDKROOT; };
		3FA6D5091965E7A50043087B /* CoreGraphics.framework */ = {isa = PBXFileReference; lastKnownFileType = wrapper.framework; name = CoreGraphics.framework; path = System/Library/Frameworks/CoreGraphics.framework; sourceTree = SDKROOT; };
		3FA6D50B1965E7A50043087B /* UIKit.framework */ = {isa = PBXFileReference; lastKnownFileType = wrapper.framework; name = UIKit.framework; path = System/Library/Frameworks/UIKit.framework; sourceTree = SDKROOT; };
		3FA6D50F1965E7A50043087B /* Tent-Info.plist */ = {isa = PBXFileReference; lastKnownFileType = text.plist.xml; path = "Tent-Info.plist"; sourceTree = "<group>"; };
		3FA6D5111965E7A50043087B /* en */ = {isa = PBXFileReference; lastKnownFileType = text.plist.strings; name = en; path = en.lproj/InfoPlist.strings; sourceTree = "<group>"; };
		3FA6D5131965E7A50043087B /* main.m */ = {isa = PBXFileReference; lastKnownFileType = sourcecode.c.objc; path = main.m; sourceTree = "<group>"; };
		3FA6D5151965E7A50043087B /* Tent-Prefix.pch */ = {isa = PBXFileReference; lastKnownFileType = sourcecode.c.h; path = "Tent-Prefix.pch"; sourceTree = "<group>"; };
		3FA6D5161965E7A50043087B /* ScheduleAppDelegate.h */ = {isa = PBXFileReference; lastKnownFileType = sourcecode.c.h; path = ScheduleAppDelegate.h; sourceTree = "<group>"; };
		3FA6D5171965E7A50043087B /* ScheduleAppDelegate.m */ = {isa = PBXFileReference; lastKnownFileType = sourcecode.c.objc; path = ScheduleAppDelegate.m; sourceTree = "<group>"; };
		3FA6D51A1965E7A50043087B /* Base */ = {isa = PBXFileReference; lastKnownFileType = file.storyboard; name = Base; path = Base.lproj/Main.storyboard; sourceTree = "<group>"; };
		3FA6D51F1965E7A50043087B /* Images.xcassets */ = {isa = PBXFileReference; lastKnownFileType = folder.assetcatalog; path = Images.xcassets; sourceTree = "<group>"; };
		3FA6D5251965E7A50043087B /* TentTests.xctest */ = {isa = PBXFileReference; explicitFileType = wrapper.cfbundle; includeInIndex = 0; path = TentTests.xctest; sourceTree = BUILT_PRODUCTS_DIR; };
		3FA6D5261965E7A50043087B /* XCTest.framework */ = {isa = PBXFileReference; lastKnownFileType = wrapper.framework; name = XCTest.framework; path = Library/Frameworks/XCTest.framework; sourceTree = DEVELOPER_DIR; };
		3FA6D52E1965E7A50043087B /* TentTests-Info.plist */ = {isa = PBXFileReference; lastKnownFileType = text.plist.xml; path = "TentTests-Info.plist"; sourceTree = "<group>"; };
		3FA6D5301965E7A50043087B /* en */ = {isa = PBXFileReference; lastKnownFileType = text.plist.strings; name = en; path = en.lproj/InfoPlist.strings; sourceTree = "<group>"; };
		3FA6D5321965E7A50043087B /* TentTests.m */ = {isa = PBXFileReference; lastKnownFileType = sourcecode.c.objc; path = TentTests.m; sourceTree = "<group>"; };
		3FB42F4E19B2A54B0079EDE1 /* PrivacyTableViewCell.h */ = {isa = PBXFileReference; fileEncoding = 4; lastKnownFileType = sourcecode.c.h; path = PrivacyTableViewCell.h; sourceTree = "<group>"; };
		3FB42F4F19B2A54B0079EDE1 /* PrivacyTableViewCell.m */ = {isa = PBXFileReference; fileEncoding = 4; lastKnownFileType = sourcecode.c.objc; path = PrivacyTableViewCell.m; sourceTree = "<group>"; };
		3FC432B219A0565100B560F1 /* Social.framework */ = {isa = PBXFileReference; lastKnownFileType = wrapper.framework; name = Social.framework; path = System/Library/Frameworks/Social.framework; sourceTree = SDKROOT; };
		3FC432B419A056DD00B560F1 /* Accounts.framework */ = {isa = PBXFileReference; lastKnownFileType = wrapper.framework; name = Accounts.framework; path = System/Library/Frameworks/Accounts.framework; sourceTree = SDKROOT; };
		3FC432B719A0581A00B560F1 /* MyPFLogInViewController.h */ = {isa = PBXFileReference; fileEncoding = 4; lastKnownFileType = sourcecode.c.h; path = MyPFLogInViewController.h; sourceTree = "<group>"; };
		3FC432B819A0581A00B560F1 /* MyPFLogInViewController.m */ = {isa = PBXFileReference; fileEncoding = 4; lastKnownFileType = sourcecode.c.objc; path = MyPFLogInViewController.m; sourceTree = "<group>"; };
		3FC432BA19A0583700B560F1 /* MyPFSignUpViewController.h */ = {isa = PBXFileReference; fileEncoding = 4; lastKnownFileType = sourcecode.c.h; path = MyPFSignUpViewController.h; sourceTree = "<group>"; };
		3FC432BB19A0583700B560F1 /* MyPFSignUpViewController.m */ = {isa = PBXFileReference; fileEncoding = 4; lastKnownFileType = sourcecode.c.objc; path = MyPFSignUpViewController.m; sourceTree = "<group>"; };
		3FC68EAA19970E1900C9DD95 /* AddScheduleViewController.h */ = {isa = PBXFileReference; fileEncoding = 4; lastKnownFileType = sourcecode.c.h; path = AddScheduleViewController.h; sourceTree = "<group>"; };
		3FC68EAB19970E1900C9DD95 /* AddScheduleViewController.m */ = {isa = PBXFileReference; fileEncoding = 4; lastKnownFileType = sourcecode.c.objc; path = AddScheduleViewController.m; sourceTree = "<group>"; };
		3FCB16C219AE5BAF004E1BF3 /* NewScheduleTableViewController.h */ = {isa = PBXFileReference; fileEncoding = 4; lastKnownFileType = sourcecode.c.h; path = NewScheduleTableViewController.h; sourceTree = "<group>"; };
		3FCB16C319AE5BAF004E1BF3 /* NewScheduleTableViewController.m */ = {isa = PBXFileReference; fileEncoding = 4; lastKnownFileType = sourcecode.c.objc; path = NewScheduleTableViewController.m; sourceTree = "<group>"; };
		3FD6963A1996A7DB00D9C5C4 /* AddPersonViewController.h */ = {isa = PBXFileReference; fileEncoding = 4; lastKnownFileType = sourcecode.c.h; path = AddPersonViewController.h; sourceTree = "<group>"; };
		3FD6963B1996A7DB00D9C5C4 /* AddPersonViewController.m */ = {isa = PBXFileReference; fileEncoding = 4; lastKnownFileType = sourcecode.c.objc; path = AddPersonViewController.m; sourceTree = "<group>"; };
		3FDE3558198094C700CE47D8 /* EnterScheduleTableViewController.h */ = {isa = PBXFileReference; fileEncoding = 4; lastKnownFileType = sourcecode.c.h; path = EnterScheduleTableViewController.h; sourceTree = "<group>"; };
		3FDE3559198094C700CE47D8 /* EnterScheduleTableViewController.m */ = {isa = PBXFileReference; fileEncoding = 4; lastKnownFileType = sourcecode.c.objc; path = EnterScheduleTableViewController.m; sourceTree = "<group>"; };
		3FDE355B19809CC400CE47D8 /* PickPersonTableViewController.h */ = {isa = PBXFileReference; fileEncoding = 4; lastKnownFileType = sourcecode.c.h; path = PickPersonTableViewController.h; sourceTree = "<group>"; };
		3FDE355C19809CC400CE47D8 /* PickPersonTableViewController.m */ = {isa = PBXFileReference; fileEncoding = 4; lastKnownFileType = sourcecode.c.objc; path = PickPersonTableViewController.m; sourceTree = "<group>"; };
		3FDE35611980A5DA00CE47D8 /* Person.h */ = {isa = PBXFileReference; fileEncoding = 4; lastKnownFileType = sourcecode.c.h; name = Person.h; path = Model/Person.h; sourceTree = "<group>"; };
		3FDE35621980A5DA00CE47D8 /* Person.m */ = {isa = PBXFileReference; fileEncoding = 4; lastKnownFileType = sourcecode.c.objc; name = Person.m; path = Model/Person.m; sourceTree = "<group>"; };
		3FDE35641980A6DA00CE47D8 /* Schedule.h */ = {isa = PBXFileReference; fileEncoding = 4; lastKnownFileType = sourcecode.c.h; name = Schedule.h; path = Model/Schedule.h; sourceTree = "<group>"; };
		3FDE35651980A6DA00CE47D8 /* Schedule.m */ = {isa = PBXFileReference; fileEncoding = 4; lastKnownFileType = sourcecode.c.objc; name = Schedule.m; path = Model/Schedule.m; sourceTree = "<group>"; };
		3FE8448F19AFB05000BAFB78 /* HomeGamesTableViewCell.h */ = {isa = PBXFileReference; fileEncoding = 4; lastKnownFileType = sourcecode.c.h; path = HomeGamesTableViewCell.h; sourceTree = "<group>"; };
		3FE8449019AFB05000BAFB78 /* HomeGamesTableViewCell.m */ = {isa = PBXFileReference; fileEncoding = 4; lastKnownFileType = sourcecode.c.objc; path = HomeGamesTableViewCell.m; sourceTree = "<group>"; };
		3FEAEB131989B07D00E3218F /* HomeBaseTableViewController.h */ = {isa = PBXFileReference; fileEncoding = 4; lastKnownFileType = sourcecode.c.h; name = HomeBaseTableViewController.h; path = ../HomeBaseTableViewController.h; sourceTree = "<group>"; };
		3FEAEB141989B07D00E3218F /* HomeBaseTableViewController.m */ = {isa = PBXFileReference; fileEncoding = 4; lastKnownFileType = sourcecode.c.objc; name = HomeBaseTableViewController.m; path = ../HomeBaseTableViewController.m; sourceTree = "<group>"; };
		3FF4D30D19B4F24500D09EC6 /* ScheduleTableViewCell.h */ = {isa = PBXFileReference; fileEncoding = 4; lastKnownFileType = sourcecode.c.h; name = ScheduleTableViewCell.h; path = ../ScheduleTableViewCell.h; sourceTree = "<group>"; };
		3FF4D30E19B4F24500D09EC6 /* ScheduleTableViewCell.m */ = {isa = PBXFileReference; fileEncoding = 4; lastKnownFileType = sourcecode.c.objc; name = ScheduleTableViewCell.m; path = ../ScheduleTableViewCell.m; sourceTree = "<group>"; };
		3FF75E8F19985BBB005D7857 /* MySchedulesTableViewController.h */ = {isa = PBXFileReference; fileEncoding = 4; lastKnownFileType = sourcecode.c.h; path = MySchedulesTableViewController.h; sourceTree = "<group>"; };
		3FF75E9019985BBB005D7857 /* MySchedulesTableViewController.m */ = {isa = PBXFileReference; fileEncoding = 4; lastKnownFileType = sourcecode.c.objc; path = MySchedulesTableViewController.m; sourceTree = "<group>"; };
		3FF75E9219985DF2005D7857 /* CreateScheduleTableViewController.h */ = {isa = PBXFileReference; fileEncoding = 4; lastKnownFileType = sourcecode.c.h; path = CreateScheduleTableViewController.h; sourceTree = "<group>"; };
		3FF75E9319985DF2005D7857 /* CreateScheduleTableViewController.m */ = {isa = PBXFileReference; fileEncoding = 4; lastKnownFileType = sourcecode.c.objc; path = CreateScheduleTableViewController.m; sourceTree = "<group>"; };
/* End PBXFileReference section */

/* Begin PBXFrameworksBuildPhase section */
		3FA6D5011965E7A50043087B /* Frameworks */ = {
			isa = PBXFrameworksBuildPhase;
			buildActionMask = 2147483647;
			files = (
				3F28B37019C7A214006E9C97 /* Parse.framework in Frameworks */,
				3FC432B519A056DD00B560F1 /* Accounts.framework in Frameworks */,
				3FC432B319A0565100B560F1 /* Social.framework in Frameworks */,
				3F0294681982C0200016845A /* SystemConfiguration.framework in Frameworks */,
				3F0294661982C01A0016845A /* StoreKit.framework in Frameworks */,
				3F0294641982C0120016845A /* Security.framework in Frameworks */,
				3F0294621982C0080016845A /* QuartzCore.framework in Frameworks */,
				3F0294601982C0010016845A /* MobileCoreServices.framework in Frameworks */,
				3F02945E1982BFF70016845A /* libz.dylib in Frameworks */,
				3F02945C1982BFDF0016845A /* CoreLocation.framework in Frameworks */,
				3FA6D50A1965E7A50043087B /* CoreGraphics.framework in Frameworks */,
				3F02945A1982BFD20016845A /* CFNetwork.framework in Frameworks */,
				3F0294581982BFCD0016845A /* AudioToolbox.framework in Frameworks */,
				3FA6D50C1965E7A50043087B /* UIKit.framework in Frameworks */,
			);
			runOnlyForDeploymentPostprocessing = 0;
		};
		3FA6D5221965E7A50043087B /* Frameworks */ = {
			isa = PBXFrameworksBuildPhase;
			buildActionMask = 2147483647;
			files = (
				3FA6D5271965E7A50043087B /* XCTest.framework in Frameworks */,
				3FA6D5291965E7A50043087B /* UIKit.framework in Frameworks */,
				3FA6D5281965E7A50043087B /* Foundation.framework in Frameworks */,
			);
			runOnlyForDeploymentPostprocessing = 0;
		};
/* End PBXFrameworksBuildPhase section */

/* Begin PBXGroup section */
		3F26ABB019CCE97F00B74859 /* Current Schedule View Controllers */ = {
			isa = PBXGroup;
			children = (
				3FEAEB131989B07D00E3218F /* HomeBaseTableViewController.h */,
				3FEAEB141989B07D00E3218F /* HomeBaseTableViewController.m */,
				3FDE355B19809CC400CE47D8 /* PickPersonTableViewController.h */,
				3FDE355C19809CC400CE47D8 /* PickPersonTableViewController.m */,
				3FD6963A1996A7DB00D9C5C4 /* AddPersonViewController.h */,
				3FD6963B1996A7DB00D9C5C4 /* AddPersonViewController.m */,
				3FDE3558198094C700CE47D8 /* EnterScheduleTableViewController.h */,
				3FDE3559198094C700CE47D8 /* EnterScheduleTableViewController.m */,
				3F9B3E061989DEAA0041EFCC /* IntervalsTableViewController.h */,
				3F9B3E071989DEAA0041EFCC /* IntervalsTableViewController.m */,
				3F296DB2199131A20059E19E /* PersonsInIntervalTableViewController.h */,
				3F296DB3199131A20059E19E /* PersonsInIntervalTableViewController.m */,
				3F439670198364CF00C27E6D /* GenerateScheduleViewController.h */,
				3F439671198364CF00C27E6D /* GenerateScheduleViewController.m */,
			);
			name = "Current Schedule View Controllers";
			sourceTree = "<group>";
		};
		3F44CE6019CCE7E200271D3E /* Adding Schedules */ = {
			isa = PBXGroup;
			children = (
				3FF75E8F19985BBB005D7857 /* MySchedulesTableViewController.h */,
				3FF75E9019985BBB005D7857 /* MySchedulesTableViewController.m */,
				3FCB16C219AE5BAF004E1BF3 /* NewScheduleTableViewController.h */,
				3FCB16C319AE5BAF004E1BF3 /* NewScheduleTableViewController.m */,
				3F738C2719B401880089878F /* JoinScheduleTableViewController.h */,
				3F738C2819B401880089878F /* JoinScheduleTableViewController.m */,
				3FF75E9219985DF2005D7857 /* CreateScheduleTableViewController.h */,
				3FF75E9319985DF2005D7857 /* CreateScheduleTableViewController.m */,
			);
			name = "Adding Schedules";
			sourceTree = "<group>";
		};
		3F94B854199AA9DA00A2DCF1 /* Previously used classes */ = {
			isa = PBXGroup;
			children = (
				3F616052198DAFD5006EF048 /* EnterScheduleViewController.h */,
				3F616053198DAFD5006EF048 /* EnterScheduleViewController.m */,
				3FC68EAA19970E1900C9DD95 /* AddScheduleViewController.h */,
				3FC68EAB19970E1900C9DD95 /* AddScheduleViewController.m */,
			);
			name = "Previously used classes";
			sourceTree = "<group>";
		};
		3FA6D4FB1965E7A50043087B = {
			isa = PBXGroup;
			children = (
				3FA6D50D1965E7A50043087B /* Tent */,
				3FA6D52C1965E7A50043087B /* TentTests */,
				3FA6D5061965E7A50043087B /* Frameworks */,
				3FA6D5051965E7A50043087B /* Products */,
			);
			sourceTree = "<group>";
		};
		3FA6D5051965E7A50043087B /* Products */ = {
			isa = PBXGroup;
			children = (
				3FA6D5041965E7A50043087B /* Tent.app */,
				3FA6D5251965E7A50043087B /* TentTests.xctest */,
			);
			name = Products;
			sourceTree = "<group>";
		};
		3FA6D5061965E7A50043087B /* Frameworks */ = {
			isa = PBXGroup;
			children = (
				3F28B36F19C7A214006E9C97 /* Parse.framework */,
				3FC432B419A056DD00B560F1 /* Accounts.framework */,
				3FC432B219A0565100B560F1 /* Social.framework */,
				3F0294671982C0200016845A /* SystemConfiguration.framework */,
				3F0294651982C01A0016845A /* StoreKit.framework */,
				3F0294631982C0120016845A /* Security.framework */,
				3F0294611982C0080016845A /* QuartzCore.framework */,
				3F02945F1982C0010016845A /* MobileCoreServices.framework */,
				3F02945D1982BFF70016845A /* libz.dylib */,
				3F02945B1982BFDF0016845A /* CoreLocation.framework */,
				3F0294591982BFD20016845A /* CFNetwork.framework */,
				3F0294571982BFCD0016845A /* AudioToolbox.framework */,
				3F0294551982BF680016845A /* Parse.framework */,
				3FA6D5071965E7A50043087B /* Foundation.framework */,
				3FA6D5091965E7A50043087B /* CoreGraphics.framework */,
				3FA6D50B1965E7A50043087B /* UIKit.framework */,
				3FA6D5261965E7A50043087B /* XCTest.framework */,
			);
			name = Frameworks;
			sourceTree = "<group>";
		};
		3FA6D50D1965E7A50043087B /* Tent */ = {
			isa = PBXGroup;
			children = (
				3FA6D5191965E7A50043087B /* Main.storyboard */,
				3FC432B619A0579600B560F1 /* Login */,
				3F44CE6019CCE7E200271D3E /* Adding Schedules */,
				3FB42F4D19B2A5220079EDE1 /* Custom Table View Cells */,
				3F26ABB019CCE97F00B74859 /* Current Schedule View Controllers */,
				3FA6D51F1965E7A50043087B /* Images.xcassets */,
				3FA6D50E1965E7A50043087B /* Supporting Files */,
				3FA6D5401965E8110043087B /* Model */,
			);
			path = Tent;
			sourceTree = "<group>";
		};
		3FA6D50E1965E7A50043087B /* Supporting Files */ = {
			isa = PBXGroup;
			children = (
				3F44CE5D19CCE6A500271D3E /* Constants.h */,
				3F44CE5E19CCE6A500271D3E /* Constants.m */,
				3FA6D5161965E7A50043087B /* ScheduleAppDelegate.h */,
				3FA6D5171965E7A50043087B /* ScheduleAppDelegate.m */,
				3FA6D50F1965E7A50043087B /* Tent-Info.plist */,
				3FA6D5101965E7A50043087B /* InfoPlist.strings */,
				3FA6D5131965E7A50043087B /* main.m */,
				3FA6D5151965E7A50043087B /* Tent-Prefix.pch */,
				3F94B854199AA9DA00A2DCF1 /* Previously used classes */,
			);
			name = "Supporting Files";
			sourceTree = "<group>";
		};
		3FA6D52C1965E7A50043087B /* TentTests */ = {
			isa = PBXGroup;
			children = (
				3FA6D5321965E7A50043087B /* TentTests.m */,
				3FA6D52D1965E7A50043087B /* Supporting Files */,
			);
			path = TentTests;
			sourceTree = "<group>";
		};
		3FA6D52D1965E7A50043087B /* Supporting Files */ = {
			isa = PBXGroup;
			children = (
				3FA6D52E1965E7A50043087B /* TentTests-Info.plist */,
				3FA6D52F1965E7A50043087B /* InfoPlist.strings */,
			);
			name = "Supporting Files";
			sourceTree = "<group>";
		};
		3FA6D5401965E8110043087B /* Model */ = {
			isa = PBXGroup;
			children = (
				3F8A32F419AEC1CC00C63E65 /* HomeGame.h */,
				3F8A32F519AEC1CC00C63E65 /* HomeGame.m */,
				3F1107E219903FDB0063ED9B /* Interval.h */,
				3F1107E319903FDB0063ED9B /* Interval.m */,
				3FDE35611980A5DA00CE47D8 /* Person.h */,
				3FDE35621980A5DA00CE47D8 /* Person.m */,
				3FDE35641980A6DA00CE47D8 /* Schedule.h */,
				3FDE35651980A6DA00CE47D8 /* Schedule.m */,
				3F87220C19A2627A005F12DD /* AlgorithmTest.h */,
				3F87220D19A2627A005F12DD /* AlgorithmTest.m */,
			);
			name = Model;
			sourceTree = "<group>";
		};
		3FB42F4D19B2A5220079EDE1 /* Custom Table View Cells */ = {
			isa = PBXGroup;
			children = (
				3FE8448F19AFB05000BAFB78 /* HomeGamesTableViewCell.h */,
				3FE8449019AFB05000BAFB78 /* HomeGamesTableViewCell.m */,
				3FF4D30D19B4F24500D09EC6 /* ScheduleTableViewCell.h */,
				3FF4D30E19B4F24500D09EC6 /* ScheduleTableViewCell.m */,
				3F94B851199AA43D00A2DCF1 /* NameOfScheduleTableViewCell.h */,
				3F94B852199AA43D00A2DCF1 /* NameOfScheduleTableViewCell.m */,
				3F4CA9B919B2ABD500EA5BDE /* PasswordTableViewCell.h */,
				3F4CA9BA19B2ABD500EA5BDE /* PasswordTableViewCell.m */,
				3FB42F4E19B2A54B0079EDE1 /* PrivacyTableViewCell.h */,
				3FB42F4F19B2A54B0079EDE1 /* PrivacyTableViewCell.m */,
				3F61604F198DA61E006EF048 /* IntervalTableViewCell.h */,
				3F616050198DA61E006EF048 /* IntervalTableViewCell.m */,
			);
			name = "Custom Table View Cells";
			sourceTree = "<group>";
		};
		3FC432B619A0579600B560F1 /* Login */ = {
			isa = PBXGroup;
			children = (
				3F71811D199D117200737662 /* DefaultSettingsViewController.h */,
				3F71811E199D117200737662 /* DefaultSettingsViewController.m */,
				3FC432B719A0581A00B560F1 /* MyPFLogInViewController.h */,
				3FC432B819A0581A00B560F1 /* MyPFLogInViewController.m */,
				3FC432BA19A0583700B560F1 /* MyPFSignUpViewController.h */,
				3FC432BB19A0583700B560F1 /* MyPFSignUpViewController.m */,
			);
			name = Login;
			sourceTree = "<group>";
		};
/* End PBXGroup section */

/* Begin PBXNativeTarget section */
		3FA6D5031965E7A50043087B /* Tent */ = {
			isa = PBXNativeTarget;
			buildConfigurationList = 3FA6D5361965E7A50043087B /* Build configuration list for PBXNativeTarget "Tent" */;
			buildPhases = (
				3FA6D5001965E7A50043087B /* Sources */,
				3FA6D5011965E7A50043087B /* Frameworks */,
				3FA6D5021965E7A50043087B /* Resources */,
			);
			buildRules = (
			);
			dependencies = (
			);
			name = Tent;
			productName = Tent;
			productReference = 3FA6D5041965E7A50043087B /* Tent.app */;
			productType = "com.apple.product-type.application";
		};
		3FA6D5241965E7A50043087B /* TentTests */ = {
			isa = PBXNativeTarget;
			buildConfigurationList = 3FA6D5391965E7A50043087B /* Build configuration list for PBXNativeTarget "TentTests" */;
			buildPhases = (
				3FA6D5211965E7A50043087B /* Sources */,
				3FA6D5221965E7A50043087B /* Frameworks */,
				3FA6D5231965E7A50043087B /* Resources */,
			);
			buildRules = (
			);
			dependencies = (
				3FA6D52B1965E7A50043087B /* PBXTargetDependency */,
			);
			name = TentTests;
			productName = TentTests;
			productReference = 3FA6D5251965E7A50043087B /* TentTests.xctest */;
			productType = "com.apple.product-type.bundle.unit-test";
		};
/* End PBXNativeTarget section */

/* Begin PBXProject section */
		3FA6D4FC1965E7A50043087B /* Project object */ = {
			isa = PBXProject;
			attributes = {
				CLASSPREFIX = Schedule;
				LastUpgradeCheck = 0510;
				ORGANIZATIONNAME = Jeremy;
				TargetAttributes = {
					3FA6D5241965E7A50043087B = {
						TestTargetID = 3FA6D5031965E7A50043087B;
					};
				};
			};
			buildConfigurationList = 3FA6D4FF1965E7A50043087B /* Build configuration list for PBXProject "Tent" */;
			compatibilityVersion = "Xcode 3.2";
			developmentRegion = English;
			hasScannedForEncodings = 0;
			knownRegions = (
				en,
				Base,
			);
			mainGroup = 3FA6D4FB1965E7A50043087B;
			productRefGroup = 3FA6D5051965E7A50043087B /* Products */;
			projectDirPath = "";
			projectRoot = "";
			targets = (
				3FA6D5031965E7A50043087B /* Tent */,
				3FA6D5241965E7A50043087B /* TentTests */,
			);
		};
/* End PBXProject section */

/* Begin PBXResourcesBuildPhase section */
		3FA6D5021965E7A50043087B /* Resources */ = {
			isa = PBXResourcesBuildPhase;
			buildActionMask = 2147483647;
			files = (
				3FA6D5201965E7A50043087B /* Images.xcassets in Resources */,
				3FA6D5121965E7A50043087B /* InfoPlist.strings in Resources */,
				3FA6D51B1965E7A50043087B /* Main.storyboard in Resources */,
			);
			runOnlyForDeploymentPostprocessing = 0;
		};
		3FA6D5231965E7A50043087B /* Resources */ = {
			isa = PBXResourcesBuildPhase;
			buildActionMask = 2147483647;
			files = (
				3FA6D5311965E7A50043087B /* InfoPlist.strings in Resources */,
			);
			runOnlyForDeploymentPostprocessing = 0;
		};
/* End PBXResourcesBuildPhase section */

/* Begin PBXSourcesBuildPhase section */
		3FA6D5001965E7A50043087B /* Sources */ = {
			isa = PBXSourcesBuildPhase;
			buildActionMask = 2147483647;
			files = (
				3FC432BC19A0583700B560F1 /* MyPFSignUpViewController.m in Sources */,
				3FF75E9119985BBB005D7857 /* MySchedulesTableViewController.m in Sources */,
				3FEAEB151989B07D00E3218F /* HomeBaseTableViewController.m in Sources */,
				3F71811F199D117200737662 /* DefaultSettingsViewController.m in Sources */,
				3F738C2919B401880089878F /* JoinScheduleTableViewController.m in Sources */,
				3F44CE5F19CCE6A500271D3E /* Constants.m in Sources */,
				3FB42F5019B2A54B0079EDE1 /* PrivacyTableViewCell.m in Sources */,
				3F616051198DA61E006EF048 /* IntervalTableViewCell.m in Sources */,
				3FC432B919A0581A00B560F1 /* MyPFLogInViewController.m in Sources */,
				3FA6D5141965E7A50043087B /* main.m in Sources */,
				3FDE35661980A6DA00CE47D8 /* Schedule.m in Sources */,
				3F9B3E081989DEAA0041EFCC /* IntervalsTableViewController.m in Sources */,
				3F94B853199AA43D00A2DCF1 /* NameOfScheduleTableViewCell.m in Sources */,
				3FCB16C419AE5BAF004E1BF3 /* NewScheduleTableViewController.m in Sources */,
				3FDE35631980A5DA00CE47D8 /* Person.m in Sources */,
				3F296DB4199131A20059E19E /* PersonsInIntervalTableViewController.m in Sources */,
				3F1107E419903FDB0063ED9B /* Interval.m in Sources */,
				3F439672198364CF00C27E6D /* GenerateScheduleViewController.m in Sources */,
				3FA6D5181965E7A50043087B /* ScheduleAppDelegate.m in Sources */,
				3F8A32F619AEC1CC00C63E65 /* HomeGame.m in Sources */,
				3FC68EAC19970E1900C9DD95 /* AddScheduleViewController.m in Sources */,
				3FF4D30F19B4F24500D09EC6 /* ScheduleTableViewCell.m in Sources */,
				3FDE355A198094C700CE47D8 /* EnterScheduleTableViewController.m in Sources */,
				3F616054198DAFD5006EF048 /* EnterScheduleViewController.m in Sources */,
				3FDE355D19809CC400CE47D8 /* PickPersonTableViewController.m in Sources */,
				3F87220E19A2627A005F12DD /* AlgorithmTest.m in Sources */,
				3FF75E9419985DF2005D7857 /* CreateScheduleTableViewController.m in Sources */,
				3FE8449119AFB05000BAFB78 /* HomeGamesTableViewCell.m in Sources */,
				3F4CA9BB19B2ABD500EA5BDE /* PasswordTableViewCell.m in Sources */,
				3FD6963C1996A7DB00D9C5C4 /* AddPersonViewController.m in Sources */,
			);
			runOnlyForDeploymentPostprocessing = 0;
		};
		3FA6D5211965E7A50043087B /* Sources */ = {
			isa = PBXSourcesBuildPhase;
			buildActionMask = 2147483647;
			files = (
				3FA6D5331965E7A50043087B /* TentTests.m in Sources */,
			);
			runOnlyForDeploymentPostprocessing = 0;
		};
/* End PBXSourcesBuildPhase section */

/* Begin PBXTargetDependency section */
		3FA6D52B1965E7A50043087B /* PBXTargetDependency */ = {
			isa = PBXTargetDependency;
			target = 3FA6D5031965E7A50043087B /* Tent */;
			targetProxy = 3FA6D52A1965E7A50043087B /* PBXContainerItemProxy */;
		};
/* End PBXTargetDependency section */

/* Begin PBXVariantGroup section */
		3FA6D5101965E7A50043087B /* InfoPlist.strings */ = {
			isa = PBXVariantGroup;
			children = (
				3FA6D5111965E7A50043087B /* en */,
			);
			name = InfoPlist.strings;
			sourceTree = "<group>";
		};
		3FA6D5191965E7A50043087B /* Main.storyboard */ = {
			isa = PBXVariantGroup;
			children = (
				3FA6D51A1965E7A50043087B /* Base */,
			);
			name = Main.storyboard;
			sourceTree = "<group>";
		};
		3FA6D52F1965E7A50043087B /* InfoPlist.strings */ = {
			isa = PBXVariantGroup;
			children = (
				3FA6D5301965E7A50043087B /* en */,
			);
			name = InfoPlist.strings;
			sourceTree = "<group>";
		};
/* End PBXVariantGroup section */

/* Begin XCBuildConfiguration section */
		3FA6D5341965E7A50043087B /* Debug */ = {
			isa = XCBuildConfiguration;
			buildSettings = {
				ALWAYS_SEARCH_USER_PATHS = NO;
				CLANG_CXX_LANGUAGE_STANDARD = "gnu++0x";
				CLANG_CXX_LIBRARY = "libc++";
				CLANG_ENABLE_MODULES = YES;
				CLANG_ENABLE_OBJC_ARC = YES;
				CLANG_WARN_BOOL_CONVERSION = YES;
				CLANG_WARN_CONSTANT_CONVERSION = YES;
				CLANG_WARN_DIRECT_OBJC_ISA_USAGE = YES_ERROR;
				CLANG_WARN_EMPTY_BODY = YES;
				CLANG_WARN_ENUM_CONVERSION = YES;
				CLANG_WARN_INT_CONVERSION = YES;
				CLANG_WARN_OBJC_ROOT_CLASS = YES_ERROR;
				CLANG_WARN__DUPLICATE_METHOD_MATCH = YES;
				CODE_SIGN_IDENTITY = "iPhone Developer: Jeremy Schreck (WE8935L77H)";
				"CODE_SIGN_IDENTITY[sdk=iphoneos*]" = "iPhone Developer: Jeremy Schreck (WE8935L77H)";
				COPY_PHASE_STRIP = NO;
				GCC_C_LANGUAGE_STANDARD = gnu99;
				GCC_DYNAMIC_NO_PIC = NO;
				GCC_OPTIMIZATION_LEVEL = 0;
				GCC_PREPROCESSOR_DEFINITIONS = (
					"DEBUG=1",
					"$(inherited)",
				);
				GCC_SYMBOLS_PRIVATE_EXTERN = NO;
				GCC_WARN_64_TO_32_BIT_CONVERSION = YES;
				GCC_WARN_ABOUT_RETURN_TYPE = YES_ERROR;
				GCC_WARN_UNDECLARED_SELECTOR = YES;
				GCC_WARN_UNINITIALIZED_AUTOS = YES_AGGRESSIVE;
				GCC_WARN_UNUSED_FUNCTION = YES;
				GCC_WARN_UNUSED_VARIABLE = YES;
				IPHONEOS_DEPLOYMENT_TARGET = 7.0;
				ONLY_ACTIVE_ARCH = YES;
				PROVISIONING_PROFILE = "C943E99D-1D37-45B0-9D7A-7B249EA2CF0E";
				SDKROOT = iphoneos;
			};
			name = Debug;
		};
		3FA6D5351965E7A50043087B /* Release */ = {
			isa = XCBuildConfiguration;
			buildSettings = {
				ALWAYS_SEARCH_USER_PATHS = NO;
				CLANG_CXX_LANGUAGE_STANDARD = "gnu++0x";
				CLANG_CXX_LIBRARY = "libc++";
				CLANG_ENABLE_MODULES = YES;
				CLANG_ENABLE_OBJC_ARC = YES;
				CLANG_WARN_BOOL_CONVERSION = YES;
				CLANG_WARN_CONSTANT_CONVERSION = YES;
				CLANG_WARN_DIRECT_OBJC_ISA_USAGE = YES_ERROR;
				CLANG_WARN_EMPTY_BODY = YES;
				CLANG_WARN_ENUM_CONVERSION = YES;
				CLANG_WARN_INT_CONVERSION = YES;
				CLANG_WARN_OBJC_ROOT_CLASS = YES_ERROR;
				CLANG_WARN__DUPLICATE_METHOD_MATCH = YES;
				CODE_SIGN_IDENTITY = "iPhone Developer: Jeremy Schreck (WE8935L77H)";
				"CODE_SIGN_IDENTITY[sdk=iphoneos*]" = "iPhone Developer: Jeremy Schreck (WE8935L77H)";
				COPY_PHASE_STRIP = YES;
				ENABLE_NS_ASSERTIONS = NO;
				GCC_C_LANGUAGE_STANDARD = gnu99;
				GCC_WARN_64_TO_32_BIT_CONVERSION = YES;
				GCC_WARN_ABOUT_RETURN_TYPE = YES_ERROR;
				GCC_WARN_UNDECLARED_SELECTOR = YES;
				GCC_WARN_UNINITIALIZED_AUTOS = YES_AGGRESSIVE;
				GCC_WARN_UNUSED_FUNCTION = YES;
				GCC_WARN_UNUSED_VARIABLE = YES;
				IPHONEOS_DEPLOYMENT_TARGET = 7.0;
				PROVISIONING_PROFILE = "C943E99D-1D37-45B0-9D7A-7B249EA2CF0E";
				SDKROOT = iphoneos;
				VALIDATE_PRODUCT = YES;
			};
			name = Release;
		};
		3FA6D5371965E7A50043087B /* Debug */ = {
			isa = XCBuildConfiguration;
			buildSettings = {
				ASSETCATALOG_COMPILER_APPICON_NAME = AppIcon;
				ASSETCATALOG_COMPILER_LAUNCHIMAGE_NAME = LaunchImage;
				CLANG_ENABLE_MODULES = YES;
				CODE_SIGN_IDENTITY = "iPhone Developer: Jeremy Schreck (WE8935L77H)";
				FRAMEWORK_SEARCH_PATHS = (
					"$(inherited)",
					/Users/jeremy/Downloads,
					"$(PROJECT_DIR)",
					"/Users/jeremy/Developer/Xcode/AnyWall-master",
				);
				GCC_PRECOMPILE_PREFIX_HEADER = YES;
				GCC_PREFIX_HEADER = "Tent/Tent-Prefix.pch";
				INFOPLIST_FILE = "Tent/Tent-Info.plist";
				LD_RUNPATH_SEARCH_PATHS = "$(inherited) @executable_path/Frameworks";
				PRODUCT_NAME = "$(TARGET_NAME)";
				SWIFT_OBJC_BRIDGING_HEADER = "Tent/Tent-Bridging-Header.h";
				SWIFT_OPTIMIZATION_LEVEL = "-Onone";
				WRAPPER_EXTENSION = app;
			};
			name = Debug;
		};
		3FA6D5381965E7A50043087B /* Release */ = {
			isa = XCBuildConfiguration;
			buildSettings = {
				ASSETCATALOG_COMPILER_APPICON_NAME = AppIcon;
				ASSETCATALOG_COMPILER_LAUNCHIMAGE_NAME = LaunchImage;
				CLANG_ENABLE_MODULES = YES;
				FRAMEWORK_SEARCH_PATHS = (
					"$(inherited)",
					/Users/jeremy/Downloads,
					"$(PROJECT_DIR)",
					"/Users/jeremy/Developer/Xcode/AnyWall-master",
				);
				GCC_PRECOMPILE_PREFIX_HEADER = YES;
				GCC_PREFIX_HEADER = "Tent/Tent-Prefix.pch";
				INFOPLIST_FILE = "Tent/Tent-Info.plist";
				LD_RUNPATH_SEARCH_PATHS = "$(inherited) @executable_path/Frameworks";
				PRODUCT_NAME = "$(TARGET_NAME)";
				SWIFT_OBJC_BRIDGING_HEADER = "Tent/Tent-Bridging-Header.h";
				WRAPPER_EXTENSION = app;
			};
			name = Release;
		};
		3FA6D53A1965E7A50043087B /* Debug */ = {
			isa = XCBuildConfiguration;
			buildSettings = {
				BUNDLE_LOADER = "$(BUILT_PRODUCTS_DIR)/Tent.app/Tent";
				FRAMEWORK_SEARCH_PATHS = (
					"$(SDKROOT)/Developer/Library/Frameworks",
					"$(inherited)",
					"$(DEVELOPER_FRAMEWORKS_DIR)",
				);
				GCC_PRECOMPILE_PREFIX_HEADER = YES;
				GCC_PREFIX_HEADER = "Tent/Tent-Prefix.pch";
				GCC_PREPROCESSOR_DEFINITIONS = (
					"DEBUG=1",
					"$(inherited)",
				);
				INFOPLIST_FILE = "TentTests/TentTests-Info.plist";
				PRODUCT_NAME = "$(TARGET_NAME)";
				TEST_HOST = "$(BUNDLE_LOADER)";
				WRAPPER_EXTENSION = xctest;
			};
			name = Debug;
		};
		3FA6D53B1965E7A50043087B /* Release */ = {
			isa = XCBuildConfiguration;
			buildSettings = {
				BUNDLE_LOADER = "$(BUILT_PRODUCTS_DIR)/Tent.app/Tent";
				FRAMEWORK_SEARCH_PATHS = (
					"$(SDKROOT)/Developer/Library/Frameworks",
					"$(inherited)",
					"$(DEVELOPER_FRAMEWORKS_DIR)",
				);
				GCC_PRECOMPILE_PREFIX_HEADER = YES;
				GCC_PREFIX_HEADER = "Tent/Tent-Prefix.pch";
				INFOPLIST_FILE = "TentTests/TentTests-Info.plist";
				PRODUCT_NAME = "$(TARGET_NAME)";
				TEST_HOST = "$(BUNDLE_LOADER)";
				WRAPPER_EXTENSION = xctest;
			};
			name = Release;
		};
/* End XCBuildConfiguration section */

/* Begin XCConfigurationList section */
		3FA6D4FF1965E7A50043087B /* Build configuration list for PBXProject "Tent" */ = {
			isa = XCConfigurationList;
			buildConfigurations = (
				3FA6D5341965E7A50043087B /* Debug */,
				3FA6D5351965E7A50043087B /* Release */,
			);
			defaultConfigurationIsVisible = 0;
			defaultConfigurationName = Release;
		};
		3FA6D5361965E7A50043087B /* Build configuration list for PBXNativeTarget "Tent" */ = {
			isa = XCConfigurationList;
			buildConfigurations = (
				3FA6D5371965E7A50043087B /* Debug */,
				3FA6D5381965E7A50043087B /* Release */,
			);
			defaultConfigurationIsVisible = 0;
			defaultConfigurationName = Release;
		};
		3FA6D5391965E7A50043087B /* Build configuration list for PBXNativeTarget "TentTests" */ = {
			isa = XCConfigurationList;
			buildConfigurations = (
				3FA6D53A1965E7A50043087B /* Debug */,
				3FA6D53B1965E7A50043087B /* Release */,
			);
			defaultConfigurationIsVisible = 0;
			defaultConfigurationName = Release;
		};
/* End XCConfigurationList section */
	};
	rootObject = 3FA6D4FC1965E7A50043087B /* Project object */;
}
