// !$*UTF8*$!
{
	archiveVersion = 1;
	classes = {
	};
	objectVersion = 46;
	objects = {

/* Begin PBXBuildFile section */
		3FA6D5081965E7A50043087B /* Foundation.framework in Frameworks */ = {isa = PBXBuildFile; fileRef = 3FA6D5071965E7A50043087B /* Foundation.framework */; };
		3FA6D50A1965E7A50043087B /* CoreGraphics.framework in Frameworks */ = {isa = PBXBuildFile; fileRef = 3FA6D5091965E7A50043087B /* CoreGraphics.framework */; };
		3FA6D50C1965E7A50043087B /* UIKit.framework in Frameworks */ = {isa = PBXBuildFile; fileRef = 3FA6D50B1965E7A50043087B /* UIKit.framework */; };
		3FA6D5121965E7A50043087B /* InfoPlist.strings in Resources */ = {isa = PBXBuildFile; fileRef = 3FA6D5101965E7A50043087B /* InfoPlist.strings */; };
		3FA6D5141965E7A50043087B /* main.m in Sources */ = {isa = PBXBuildFile; fileRef = 3FA6D5131965E7A50043087B /* main.m */; };
		3FA6D5181965E7A50043087B /* ScheduleAppDelegate.m in Sources */ = {isa = PBXBuildFile; fileRef = 3FA6D5171965E7A50043087B /* ScheduleAppDelegate.m */; };
		3FA6D51B1965E7A50043087B /* Main.storyboard in Resources */ = {isa = PBXBuildFile; fileRef = 3FA6D5191965E7A50043087B /* Main.storyboard */; };
		3FA6D51E1965E7A50043087B /* ScheduleViewController.m in Sources */ = {isa = PBXBuildFile; fileRef = 3FA6D51D1965E7A50043087B /* ScheduleViewController.m */; };
		3FA6D5201965E7A50043087B /* Images.xcassets in Resources */ = {isa = PBXBuildFile; fileRef = 3FA6D51F1965E7A50043087B /* Images.xcassets */; };
		3FA6D5271965E7A50043087B /* XCTest.framework in Frameworks */ = {isa = PBXBuildFile; fileRef = 3FA6D5261965E7A50043087B /* XCTest.framework */; };
		3FA6D5281965E7A50043087B /* Foundation.framework in Frameworks */ = {isa = PBXBuildFile; fileRef = 3FA6D5071965E7A50043087B /* Foundation.framework */; };
		3FA6D5291965E7A50043087B /* UIKit.framework in Frameworks */ = {isa = PBXBuildFile; fileRef = 3FA6D50B1965E7A50043087B /* UIKit.framework */; };
		3FA6D5311965E7A50043087B /* InfoPlist.strings in Resources */ = {isa = PBXBuildFile; fileRef = 3FA6D52F1965E7A50043087B /* InfoPlist.strings */; };
		3FA6D5331965E7A50043087B /* TentTests.m in Sources */ = {isa = PBXBuildFile; fileRef = 3FA6D5321965E7A50043087B /* TentTests.m */; };
/* End PBXBuildFile section */

/* Begin PBXContainerItemProxy section */
		3FA6D52A1965E7A50043087B /* PBXContainerItemProxy */ = {
			isa = PBXContainerItemProxy;
			containerPortal = 3FA6D4FC1965E7A50043087B /* Project object */;
			proxyType = 1;
			remoteGlobalIDString = 3FA6D5031965E7A50043087B;
			remoteInfo = Tent;
		};
/* End PBXContainerItemProxy section */

/* Begin PBXFileReference section */
		3FA6D5041965E7A50043087B /* Tent.app */ = {isa = PBXFileReference; explicitFileType = wrapper.application; includeInIndex = 0; path = Tent.app; sourceTree = BUILT_PRODUCTS_DIR; };
		3FA6D5071965E7A50043087B /* Foundation.framework */ = {isa = PBXFileReference; lastKnownFileType = wrapper.framework; name = Foundation.framework; path = System/Library/Frameworks/Foundation.framework; sourceTree = SDKROOT; };
		3FA6D5091965E7A50043087B /* CoreGraphics.framework */ = {isa = PBXFileReference; lastKnownFileType = wrapper.framework; name = CoreGraphics.framework; path = System/Library/Frameworks/CoreGraphics.framework; sourceTree = SDKROOT; };
		3FA6D50B1965E7A50043087B /* UIKit.framework */ = {isa = PBXFileReference; lastKnownFileType = wrapper.framework; name = UIKit.framework; path = System/Library/Frameworks/UIKit.framework; sourceTree = SDKROOT; };
		3FA6D50F1965E7A50043087B /* Tent-Info.plist */ = {isa = PBXFileReference; lastKnownFileType = text.plist.xml; path = "Tent-Info.plist"; sourceTree = "<group>"; };
		3FA6D5111965E7A50043087B /* en */ = {isa = PBXFileReference; lastKnownFileType = text.plist.strings; name = en; path = en.lproj/InfoPlist.strings; sourceTree = "<group>"; };
		3FA6D5131965E7A50043087B /* main.m */ = {isa = PBXFileReference; lastKnownFileType = sourcecode.c.objc; path = main.m; sourceTree = "<group>"; };
		3FA6D5151965E7A50043087B /* Tent-Prefix.pch */ = {isa = PBXFileReference; lastKnownFileType = sourcecode.c.h; path = "Tent-Prefix.pch"; sourceTree = "<group>"; };
		3FA6D5161965E7A50043087B /* ScheduleAppDelegate.h */ = {isa = PBXFileReference; lastKnownFileType = sourcecode.c.h; path = ScheduleAppDelegate.h; sourceTree = "<group>"; };
		3FA6D5171965E7A50043087B /* ScheduleAppDelegate.m */ = {isa = PBXFileReference; lastKnownFileType = sourcecode.c.objc; path = ScheduleAppDelegate.m; sourceTree = "<group>"; };
		3FA6D51A1965E7A50043087B /* Base */ = {isa = PBXFileReference; lastKnownFileType = file.storyboard; name = Base; path = Base.lproj/Main.storyboard; sourceTree = "<group>"; };
		3FA6D51C1965E7A50043087B /* ScheduleViewController.h */ = {isa = PBXFileReference; lastKnownFileType = sourcecode.c.h; path = ScheduleViewController.h; sourceTree = "<group>"; };
		3FA6D51D1965E7A50043087B /* ScheduleViewController.m */ = {isa = PBXFileReference; lastKnownFileType = sourcecode.c.objc; path = ScheduleViewController.m; sourceTree = "<group>"; };
		3FA6D51F1965E7A50043087B /* Images.xcassets */ = {isa = PBXFileReference; lastKnownFileType = folder.assetcatalog; path = Images.xcassets; sourceTree = "<group>"; };
		3FA6D5251965E7A50043087B /* TentTests.xctest */ = {isa = PBXFileReference; explicitFileType = wrapper.cfbundle; includeInIndex = 0; path = TentTests.xctest; sourceTree = BUILT_PRODUCTS_DIR; };
		3FA6D5261965E7A50043087B /* XCTest.framework */ = {isa = PBXFileReference; lastKnownFileType = wrapper.framework; name = XCTest.framework; path = Library/Frameworks/XCTest.framework; sourceTree = DEVELOPER_DIR; };
		3FA6D52E1965E7A50043087B /* TentTests-Info.plist */ = {isa = PBXFileReference; lastKnownFileType = text.plist.xml; path = "TentTests-Info.plist"; sourceTree = "<group>"; };
		3FA6D5301965E7A50043087B /* en */ = {isa = PBXFileReference; lastKnownFileType = text.plist.strings; name = en; path = en.lproj/InfoPlist.strings; sourceTree = "<group>"; };
		3FA6D5321965E7A50043087B /* TentTests.m */ = {isa = PBXFileReference; lastKnownFileType = sourcecode.c.objc; path = TentTests.m; sourceTree = "<group>"; };
/* End PBXFileReference section */

/* Begin PBXFrameworksBuildPhase section */
		3FA6D5011965E7A50043087B /* Frameworks */ = {
			isa = PBXFrameworksBuildPhase;
			buildActionMask = 2147483647;
			files = (
				3FA6D50A1965E7A50043087B /* CoreGraphics.framework in Frameworks */,
				3FA6D50C1965E7A50043087B /* UIKit.framework in Frameworks */,
				3FA6D5081965E7A50043087B /* Foundation.framework in Frameworks */,
			);
			runOnlyForDeploymentPostprocessing = 0;
		};
		3FA6D5221965E7A50043087B /* Frameworks */ = {
			isa = PBXFrameworksBuildPhase;
			buildActionMask = 2147483647;
			files = (
				3FA6D5271965E7A50043087B /* XCTest.framework in Frameworks */,
				3FA6D5291965E7A50043087B /* UIKit.framework in Frameworks */,
				3FA6D5281965E7A50043087B /* Foundation.framework in Frameworks */,
			);
			runOnlyForDeploymentPostprocessing = 0;
		};
/* End PBXFrameworksBuildPhase section */

/* Begin PBXGroup section */
		3FA6D4FB1965E7A50043087B = {
			isa = PBXGroup;
			children = (
				3FA6D50D1965E7A50043087B /* Tent */,
				3FA6D52C1965E7A50043087B /* TentTests */,
				3FA6D5061965E7A50043087B /* Frameworks */,
				3FA6D5051965E7A50043087B /* Products */,
			);
			sourceTree = "<group>";
		};
		3FA6D5051965E7A50043087B /* Products */ = {
			isa = PBXGroup;
			children = (
				3FA6D5041965E7A50043087B /* Tent.app */,
				3FA6D5251965E7A50043087B /* TentTests.xctest */,
			);
			name = Products;
			sourceTree = "<group>";
		};
		3FA6D5061965E7A50043087B /* Frameworks */ = {
			isa = PBXGroup;
			children = (
				3FA6D5071965E7A50043087B /* Foundation.framework */,
				3FA6D5091965E7A50043087B /* CoreGraphics.framework */,
				3FA6D50B1965E7A50043087B /* UIKit.framework */,
				3FA6D5261965E7A50043087B /* XCTest.framework */,
			);
			name = Frameworks;
			sourceTree = "<group>";
		};
		3FA6D50D1965E7A50043087B /* Tent */ = {
			isa = PBXGroup;
			children = (
				3FA6D5161965E7A50043087B /* ScheduleAppDelegate.h */,
				3FA6D5171965E7A50043087B /* ScheduleAppDelegate.m */,
				3FA6D5191965E7A50043087B /* Main.storyboard */,
				3FA6D51C1965E7A50043087B /* ScheduleViewController.h */,
				3FA6D51D1965E7A50043087B /* ScheduleViewController.m */,
				3FA6D51F1965E7A50043087B /* Images.xcassets */,
				3FA6D50E1965E7A50043087B /* Supporting Files */,
			);
			path = Tent;
			sourceTree = "<group>";
		};
		3FA6D50E1965E7A50043087B /* Supporting Files */ = {
			isa = PBXGroup;
			children = (
				3FA6D50F1965E7A50043087B /* Tent-Info.plist */,
				3FA6D5101965E7A50043087B /* InfoPlist.strings */,
				3FA6D5131965E7A50043087B /* main.m */,
				3FA6D5151965E7A50043087B /* Tent-Prefix.pch */,
			);
			name = "Supporting Files";
			sourceTree = "<group>";
		};
		3FA6D52C1965E7A50043087B /* TentTests */ = {
			isa = PBXGroup;
			children = (
				3FA6D5321965E7A50043087B /* TentTests.m */,
				3FA6D52D1965E7A50043087B /* Supporting Files */,
			);
			path = TentTests;
			sourceTree = "<group>";
		};
		3FA6D52D1965E7A50043087B /* Supporting Files */ = {
			isa = PBXGroup;
			children = (
				3FA6D52E1965E7A50043087B /* TentTests-Info.plist */,
				3FA6D52F1965E7A50043087B /* InfoPlist.strings */,
			);
			name = "Supporting Files";
			sourceTree = "<group>";
		};
/* End PBXGroup section */

/* Begin PBXNativeTarget section */
		3FA6D5031965E7A50043087B /* Tent */ = {
			isa = PBXNativeTarget;
			buildConfigurationList = 3FA6D5361965E7A50043087B /* Build configuration list for PBXNativeTarget "Tent" */;
			buildPhases = (
				3FA6D5001965E7A50043087B /* Sources */,
				3FA6D5011965E7A50043087B /* Frameworks */,
				3FA6D5021965E7A50043087B /* Resources */,
			);
			buildRules = (
			);
			dependencies = (
			);
			name = Tent;
			productName = Tent;
			productReference = 3FA6D5041965E7A50043087B /* Tent.app */;
			productType = "com.apple.product-type.application";
		};
		3FA6D5241965E7A50043087B /* TentTests */ = {
			isa = PBXNativeTarget;
			buildConfigurationList = 3FA6D5391965E7A50043087B /* Build configuration list for PBXNativeTarget "TentTests" */;
			buildPhases = (
				3FA6D5211965E7A50043087B /* Sources */,
				3FA6D5221965E7A50043087B /* Frameworks */,
				3FA6D5231965E7A50043087B /* Resources */,
			);
			buildRules = (
			);
			dependencies = (
				3FA6D52B1965E7A50043087B /* PBXTargetDependency */,
			);
			name = TentTests;
			productName = TentTests;
			productReference = 3FA6D5251965E7A50043087B /* TentTests.xctest */;
			productType = "com.apple.product-type.bundle.unit-test";
		};
/* End PBXNativeTarget section */

/* Begin PBXProject section */
		3FA6D4FC1965E7A50043087B /* Project object */ = {
			isa = PBXProject;
			attributes = {
				CLASSPREFIX = Schedule;
				LastUpgradeCheck = 0510;
				ORGANIZATIONNAME = Jeremy;
				TargetAttributes = {
					3FA6D5241965E7A50043087B = {
						TestTargetID = 3FA6D5031965E7A50043087B;
					};
				};
			};
			buildConfigurationList = 3FA6D4FF1965E7A50043087B /* Build configuration list for PBXProject "Tent" */;
			compatibilityVersion = "Xcode 3.2";
			developmentRegion = English;
			hasScannedForEncodings = 0;
			knownRegions = (
				en,
				Base,
			);
			mainGroup = 3FA6D4FB1965E7A50043087B;
			productRefGroup = 3FA6D5051965E7A50043087B /* Products */;
			projectDirPath = "";
			projectRoot = "";
			targets = (
				3FA6D5031965E7A50043087B /* Tent */,
				3FA6D5241965E7A50043087B /* TentTests */,
			);
		};
/* End PBXProject section */

/* Begin PBXResourcesBuildPhase section */
		3FA6D5021965E7A50043087B /* Resources */ = {
			isa = PBXResourcesBuildPhase;
			buildActionMask = 2147483647;
			files = (
				3FA6D5201965E7A50043087B /* Images.xcassets in Resources */,
				3FA6D5121965E7A50043087B /* InfoPlist.strings in Resources */,
				3FA6D51B1965E7A50043087B /* Main.storyboard in Resources */,
			);
			runOnlyForDeploymentPostprocessing = 0;
		};
		3FA6D5231965E7A50043087B /* Resources */ = {
			isa = PBXResourcesBuildPhase;
			buildActionMask = 2147483647;
			files = (
				3FA6D5311965E7A50043087B /* InfoPlist.strings in Resources */,
			);
			runOnlyForDeploymentPostprocessing = 0;
		};
/* End PBXResourcesBuildPhase section */

/* Begin PBXSourcesBuildPhase section */
		3FA6D5001965E7A50043087B /* Sources */ = {
			isa = PBXSourcesBuildPhase;
			buildActionMask = 2147483647;
			files = (
				3FA6D5141965E7A50043087B /* main.m in Sources */,
				3FA6D51E1965E7A50043087B /* ScheduleViewController.m in Sources */,
				3FA6D5181965E7A50043087B /* ScheduleAppDelegate.m in Sources */,
			);
			runOnlyForDeploymentPostprocessing = 0;
		};
		3FA6D5211965E7A50043087B /* Sources */ = {
			isa = PBXSourcesBuildPhase;
			buildActionMask = 2147483647;
			files = (
				3FA6D5331965E7A50043087B /* TentTests.m in Sources */,
			);
			runOnlyForDeploymentPostprocessing = 0;
		};
/* End PBXSourcesBuildPhase section */

/* Begin PBXTargetDependency section */
		3FA6D52B1965E7A50043087B /* PBXTargetDependency */ = {
			isa = PBXTargetDependency;
			target = 3FA6D5031965E7A50043087B /* Tent */;
			targetProxy = 3FA6D52A1965E7A50043087B /* PBXContainerItemProxy */;
		};
/* End PBXTargetDependency section */

/* Begin PBXVariantGroup section */
		3FA6D5101965E7A50043087B /* InfoPlist.strings */ = {
			isa = PBXVariantGroup;
			children = (
				3FA6D5111965E7A50043087B /* en */,
			);
			name = InfoPlist.strings;
			sourceTree = "<group>";
		};
		3FA6D5191965E7A50043087B /* Main.storyboard */ = {
			isa = PBXVariantGroup;
			children = (
				3FA6D51A1965E7A50043087B /* Base */,
			);
			name = Main.storyboard;
			sourceTree = "<group>";
		};
		3FA6D52F1965E7A50043087B /* InfoPlist.strings */ = {
			isa = PBXVariantGroup;
			children = (
				3FA6D5301965E7A50043087B /* en */,
			);
			name = InfoPlist.strings;
			sourceTree = "<group>";
		};
/* End PBXVariantGroup section */

/* Begin XCBuildConfiguration section */
		3FA6D5341965E7A50043087B /* Debug */ = {
			isa = XCBuildConfiguration;
			buildSettings = {
				ALWAYS_SEARCH_USER_PATHS = NO;
				CLANG_CXX_LANGUAGE_STANDARD = "gnu++0x";
				CLANG_CXX_LIBRARY = "libc++";
				CLANG_ENABLE_MODULES = YES;
				CLANG_ENABLE_OBJC_ARC = YES;
				CLANG_WARN_BOOL_CONVERSION = YES;
				CLANG_WARN_CONSTANT_CONVERSION = YES;
				CLANG_WARN_DIRECT_OBJC_ISA_USAGE = YES_ERROR;
				CLANG_WARN_EMPTY_BODY = YES;
				CLANG_WARN_ENUM_CONVERSION = YES;
				CLANG_WARN_INT_CONVERSION = YES;
				CLANG_WARN_OBJC_ROOT_CLASS = YES_ERROR;
				CLANG_WARN__DUPLICATE_METHOD_MATCH = YES;
				"CODE_SIGN_IDENTITY[sdk=iphoneos*]" = "iPhone Developer";
				COPY_PHASE_STRIP = NO;
				GCC_C_LANGUAGE_STANDARD = gnu99;
				GCC_DYNAMIC_NO_PIC = NO;
				GCC_OPTIMIZATION_LEVEL = 0;
				GCC_PREPROCESSOR_DEFINITIONS = (
					"DEBUG=1",
					"$(inherited)",
				);
				GCC_SYMBOLS_PRIVATE_EXTERN = NO;
				GCC_WARN_64_TO_32_BIT_CONVERSION = YES;
				GCC_WARN_ABOUT_RETURN_TYPE = YES_ERROR;
				GCC_WARN_UNDECLARED_SELECTOR = YES;
				GCC_WARN_UNINITIALIZED_AUTOS = YES_AGGRESSIVE;
				GCC_WARN_UNUSED_FUNCTION = YES;
				GCC_WARN_UNUSED_VARIABLE = YES;
				IPHONEOS_DEPLOYMENT_TARGET = 7.1;
				ONLY_ACTIVE_ARCH = YES;
				SDKROOT = iphoneos;
			};
			name = Debug;
		};
		3FA6D5351965E7A50043087B /* Release */ = {
			isa = XCBuildConfiguration;
			buildSettings = {
				ALWAYS_SEARCH_USER_PATHS = NO;
				CLANG_CXX_LANGUAGE_STANDARD = "gnu++0x";
				CLANG_CXX_LIBRARY = "libc++";
				CLANG_ENABLE_MODULES = YES;
				CLANG_ENABLE_OBJC_ARC = YES;
				CLANG_WARN_BOOL_CONVERSION = YES;
				CLANG_WARN_CONSTANT_CONVERSION = YES;
				CLANG_WARN_DIRECT_OBJC_ISA_USAGE = YES_ERROR;
				CLANG_WARN_EMPTY_BODY = YES;
				CLANG_WARN_ENUM_CONVERSION = YES;
				CLANG_WARN_INT_CONVERSION = YES;
				CLANG_WARN_OBJC_ROOT_CLASS = YES_ERROR;
				CLANG_WARN__DUPLICATE_METHOD_MATCH = YES;
				"CODE_SIGN_IDENTITY[sdk=iphoneos*]" = "iPhone Developer";
				COPY_PHASE_STRIP = YES;
				ENABLE_NS_ASSERTIONS = NO;
				GCC_C_LANGUAGE_STANDARD = gnu99;
				GCC_WARN_64_TO_32_BIT_CONVERSION = YES;
				GCC_WARN_ABOUT_RETURN_TYPE = YES_ERROR;
				GCC_WARN_UNDECLARED_SELECTOR = YES;
				GCC_WARN_UNINITIALIZED_AUTOS = YES_AGGRESSIVE;
				GCC_WARN_UNUSED_FUNCTION = YES;
				GCC_WARN_UNUSED_VARIABLE = YES;
				IPHONEOS_DEPLOYMENT_TARGET = 7.1;
				SDKROOT = iphoneos;
				VALIDATE_PRODUCT = YES;
			};
			name = Release;
		};
		3FA6D5371965E7A50043087B /* Debug */ = {
			isa = XCBuildConfiguration;
			buildSettings = {
				ASSETCATALOG_COMPILER_APPICON_NAME = AppIcon;
				ASSETCATALOG_COMPILER_LAUNCHIMAGE_NAME = LaunchImage;
				GCC_PRECOMPILE_PREFIX_HEADER = YES;
				GCC_PREFIX_HEADER = "Tent/Tent-Prefix.pch";
				INFOPLIST_FILE = "Tent/Tent-Info.plist";
				PRODUCT_NAME = "$(TARGET_NAME)";
				WRAPPER_EXTENSION = app;
			};
			name = Debug;
		};
		3FA6D5381965E7A50043087B /* Release */ = {
			isa = XCBuildConfiguration;
			buildSettings = {
				ASSETCATALOG_COMPILER_APPICON_NAME = AppIcon;
				ASSETCATALOG_COMPILER_LAUNCHIMAGE_NAME = LaunchImage;
				GCC_PRECOMPILE_PREFIX_HEADER = YES;
				GCC_PREFIX_HEADER = "Tent/Tent-Prefix.pch";
				INFOPLIST_FILE = "Tent/Tent-Info.plist";
				PRODUCT_NAME = "$(TARGET_NAME)";
				WRAPPER_EXTENSION = app;
			};
			name = Release;
		};
		3FA6D53A1965E7A50043087B /* Debug */ = {
			isa = XCBuildConfiguration;
			buildSettings = {
				BUNDLE_LOADER = "$(BUILT_PRODUCTS_DIR)/Tent.app/Tent";
				FRAMEWORK_SEARCH_PATHS = (
					"$(SDKROOT)/Developer/Library/Frameworks",
					"$(inherited)",
					"$(DEVELOPER_FRAMEWORKS_DIR)",
				);
				GCC_PRECOMPILE_PREFIX_HEADER = YES;
				GCC_PREFIX_HEADER = "Tent/Tent-Prefix.pch";
				GCC_PREPROCESSOR_DEFINITIONS = (
					"DEBUG=1",
					"$(inherited)",
				);
				INFOPLIST_FILE = "TentTests/TentTests-Info.plist";
				PRODUCT_NAME = "$(TARGET_NAME)";
				TEST_HOST = "$(BUNDLE_LOADER)";
				WRAPPER_EXTENSION = xctest;
			};
			name = Debug;
		};
		3FA6D53B1965E7A50043087B /* Release */ = {
			isa = XCBuildConfiguration;
			buildSettings = {
				BUNDLE_LOADER = "$(BUILT_PRODUCTS_DIR)/Tent.app/Tent";
				FRAMEWORK_SEARCH_PATHS = (
					"$(SDKROOT)/Developer/Library/Frameworks",
					"$(inherited)",
					"$(DEVELOPER_FRAMEWORKS_DIR)",
				);
				GCC_PRECOMPILE_PREFIX_HEADER = YES;
				GCC_PREFIX_HEADER = "Tent/Tent-Prefix.pch";
				INFOPLIST_FILE = "TentTests/TentTests-Info.plist";
				PRODUCT_NAME = "$(TARGET_NAME)";
				TEST_HOST = "$(BUNDLE_LOADER)";
				WRAPPER_EXTENSION = xctest;
			};
			name = Release;
		};
/* End XCBuildConfiguration section */

/* Begin XCConfigurationList section */
		3FA6D4FF1965E7A50043087B /* Build configuration list for PBXProject "Tent" */ = {
			isa = XCConfigurationList;
			buildConfigurations = (
				3FA6D5341965E7A50043087B /* Debug */,
				3FA6D5351965E7A50043087B /* Release */,
			);
			defaultConfigurationIsVisible = 0;
			defaultConfigurationName = Release;
		};
		3FA6D5361965E7A50043087B /* Build configuration list for PBXNativeTarget "Tent" */ = {
			isa = XCConfigurationList;
			buildConfigurations = (
				3FA6D5371965E7A50043087B /* Debug */,
				3FA6D5381965E7A50043087B /* Release */,
			);
			defaultConfigurationIsVisible = 0;
		};
		3FA6D5391965E7A50043087B /* Build configuration list for PBXNativeTarget "TentTests" */ = {
			isa = XCConfigurationList;
			buildConfigurations = (
				3FA6D53A1965E7A50043087B /* Debug */,
				3FA6D53B1965E7A50043087B /* Release */,
			);
			defaultConfigurationIsVisible = 0;
		};
/* End XCConfigurationList section */
	};
	rootObject = 3FA6D4FC1965E7A50043087B /* Project object */;
}
