// !$*UTF8*$!
{
	archiveVersion = 1;
	classes = {
	};
	objectVersion = 46;
	objects = {

/* Begin PBXBuildFile section */
		3F0294581982BFCD0016845A /* AudioToolbox.framework in Frameworks */ = {isa = PBXBuildFile; fileRef = 3F0294571982BFCD0016845A /* AudioToolbox.framework */; };
		3F02945A1982BFD20016845A /* CFNetwork.framework in Frameworks */ = {isa = PBXBuildFile; fileRef = 3F0294591982BFD20016845A /* CFNetwork.framework */; };
		3F02945C1982BFDF0016845A /* CoreLocation.framework in Frameworks */ = {isa = PBXBuildFile; fileRef = 3F02945B1982BFDF0016845A /* CoreLocation.framework */; };
		3F0294601982C0010016845A /* MobileCoreServices.framework in Frameworks */ = {isa = PBXBuildFile; fileRef = 3F02945F1982C0010016845A /* MobileCoreServices.framework */; };
		3F0294621982C0080016845A /* QuartzCore.framework in Frameworks */ = {isa = PBXBuildFile; fileRef = 3F0294611982C0080016845A /* QuartzCore.framework */; };
		3F0294641982C0120016845A /* Security.framework in Frameworks */ = {isa = PBXBuildFile; fileRef = 3F0294631982C0120016845A /* Security.framework */; };
		3F0294661982C01A0016845A /* StoreKit.framework in Frameworks */ = {isa = PBXBuildFile; fileRef = 3F0294651982C01A0016845A /* StoreKit.framework */; };
		3F0294681982C0200016845A /* SystemConfiguration.framework in Frameworks */ = {isa = PBXBuildFile; fileRef = 3F0294671982C0200016845A /* SystemConfiguration.framework */; };
		3F1107E419903FDB0063ED9B /* Interval.m in Sources */ = {isa = PBXBuildFile; fileRef = 3F1107E319903FDB0063ED9B /* Interval.m */; };
		3F2AA9A01CF2CBC100DD3298 /* Bolts.framework in Frameworks */ = {isa = PBXBuildFile; fileRef = 3F2AA99A1CF2CBC100DD3298 /* Bolts.framework */; };
		3F2AA9A11CF2CBC100DD3298 /* Parse.framework in Frameworks */ = {isa = PBXBuildFile; fileRef = 3F2AA99B1CF2CBC100DD3298 /* Parse.framework */; };
		3F2AA9A21CF2CBC100DD3298 /* ParseFacebookUtils.framework in Frameworks */ = {isa = PBXBuildFile; fileRef = 3F2AA99C1CF2CBC100DD3298 /* ParseFacebookUtils.framework */; };
		3F2AA9A31CF2CBC100DD3298 /* ParseFacebookUtilsV4.framework in Frameworks */ = {isa = PBXBuildFile; fileRef = 3F2AA99D1CF2CBC100DD3298 /* ParseFacebookUtilsV4.framework */; };
		3F2AA9A41CF2CBC100DD3298 /* ParseTwitterUtils.framework in Frameworks */ = {isa = PBXBuildFile; fileRef = 3F2AA99E1CF2CBC100DD3298 /* ParseTwitterUtils.framework */; };
		3F2AA9A51CF2CBC100DD3298 /* ParseUI.framework in Frameworks */ = {isa = PBXBuildFile; fileRef = 3F2AA99F1CF2CBC100DD3298 /* ParseUI.framework */; };
		3F3B71B71C3B8FE700669C8B /* Images.xcassets in Resources */ = {isa = PBXBuildFile; fileRef = 3F3B71B61C3B8FE700669C8B /* Images.xcassets */; };
		3F4796261CF01C07009ABC3F /* HomeGame.m in Sources */ = {isa = PBXBuildFile; fileRef = 3F4796251CF01C07009ABC3F /* HomeGame.m */; };
		3F4796291CF01C50009ABC3F /* AlgorithmSchedule.m in Sources */ = {isa = PBXBuildFile; fileRef = 3F4796281CF01C50009ABC3F /* AlgorithmSchedule.m */; };
		3F47962C1CF01C6D009ABC3F /* AlgorithmPerson.m in Sources */ = {isa = PBXBuildFile; fileRef = 3F47962B1CF01C6D009ABC3F /* AlgorithmPerson.m */; };
		3F47962F1CF01C85009ABC3F /* AlgorithmInterval.m in Sources */ = {isa = PBXBuildFile; fileRef = 3F47962E1CF01C85009ABC3F /* AlgorithmInterval.m */; };
		3F4796491CF01EBA009ABC3F /* AddPersonViewController.m in Sources */ = {isa = PBXBuildFile; fileRef = 3F4796461CF01EBA009ABC3F /* AddPersonViewController.m */; };
		3F47964A1CF01EBA009ABC3F /* AdminToolsViewController.m in Sources */ = {isa = PBXBuildFile; fileRef = 3F4796481CF01EBA009ABC3F /* AdminToolsViewController.m */; };
		3F47965F1CF01ECF009ABC3F /* IntervalsTableViewController.m in Sources */ = {isa = PBXBuildFile; fileRef = 3F47964C1CF01ECF009ABC3F /* IntervalsTableViewController.m */; };
		3F4796601CF01ECF009ABC3F /* MeScheduleViewController.m in Sources */ = {isa = PBXBuildFile; fileRef = 3F47964E1CF01ECF009ABC3F /* MeScheduleViewController.m */; };
		3F4796611CF01ECF009ABC3F /* NowPersonsInIntervalViewController.m in Sources */ = {isa = PBXBuildFile; fileRef = 3F4796501CF01ECF009ABC3F /* NowPersonsInIntervalViewController.m */; };
		3F4796621CF01ECF009ABC3F /* OtherPersonScheduleViewController.m in Sources */ = {isa = PBXBuildFile; fileRef = 3F4796521CF01ECF009ABC3F /* OtherPersonScheduleViewController.m */; };
		3F4796631CF01ECF009ABC3F /* PersonScheduleViewController.m in Sources */ = {isa = PBXBuildFile; fileRef = 3F4796541CF01ECF009ABC3F /* PersonScheduleViewController.m */; };
		3F4796641CF01ECF009ABC3F /* PersonsInIntervalViewController.m in Sources */ = {isa = PBXBuildFile; fileRef = 3F4796561CF01ECF009ABC3F /* PersonsInIntervalViewController.m */; };
		3F4796651CF01ECF009ABC3F /* PickPersonTableViewController.m in Sources */ = {isa = PBXBuildFile; fileRef = 3F4796581CF01ECF009ABC3F /* PickPersonTableViewController.m */; };
		3F4796661CF01ECF009ABC3F /* ScheduleSettingsViewController.m in Sources */ = {isa = PBXBuildFile; fileRef = 3F47965A1CF01ECF009ABC3F /* ScheduleSettingsViewController.m */; };
		3F4796671CF01ECF009ABC3F /* StatsViewController.m in Sources */ = {isa = PBXBuildFile; fileRef = 3F47965C1CF01ECF009ABC3F /* StatsViewController.m */; };
		3F4796681CF01ECF009ABC3F /* SuperPersonsInIntervalViewController.m in Sources */ = {isa = PBXBuildFile; fileRef = 3F47965E1CF01ECF009ABC3F /* SuperPersonsInIntervalViewController.m */; };
		3F47966B1CF01F77009ABC3F /* MyScheduleContainerViewController.m in Sources */ = {isa = PBXBuildFile; fileRef = 3F47966A1CF01F77009ABC3F /* MyScheduleContainerViewController.m */; };
		3F47967C1CF020B9009ABC3F /* HomeGamesTableViewCell.m in Sources */ = {isa = PBXBuildFile; fileRef = 3F47966D1CF020B9009ABC3F /* HomeGamesTableViewCell.m */; };
		3F47967D1CF020B9009ABC3F /* IntervalTableViewCell.m in Sources */ = {isa = PBXBuildFile; fileRef = 3F47966F1CF020B9009ABC3F /* IntervalTableViewCell.m */; };
		3F47967E1CF020B9009ABC3F /* JoinedHomeGameTableViewCell.m in Sources */ = {isa = PBXBuildFile; fileRef = 3F4796711CF020B9009ABC3F /* JoinedHomeGameTableViewCell.m */; };
		3F47967F1CF020B9009ABC3F /* MySchedulesTableViewCell.m in Sources */ = {isa = PBXBuildFile; fileRef = 3F4796731CF020B9009ABC3F /* MySchedulesTableViewCell.m */; };
		3F4796801CF020B9009ABC3F /* MySettingsTableViewCell.m in Sources */ = {isa = PBXBuildFile; fileRef = 3F4796751CF020B9009ABC3F /* MySettingsTableViewCell.m */; };
		3F4796811CF020B9009ABC3F /* NameOfScheduleTableViewCell.m in Sources */ = {isa = PBXBuildFile; fileRef = 3F4796771CF020B9009ABC3F /* NameOfScheduleTableViewCell.m */; };
		3F4796821CF020B9009ABC3F /* PasswordTableViewCell.m in Sources */ = {isa = PBXBuildFile; fileRef = 3F4796791CF020B9009ABC3F /* PasswordTableViewCell.m */; };
		3F4796831CF020B9009ABC3F /* ScheduleTableViewCell.m in Sources */ = {isa = PBXBuildFile; fileRef = 3F47967B1CF020B9009ABC3F /* ScheduleTableViewCell.m */; };
		3F47968C1CF020F4009ABC3F /* CreateScheduleTableViewController.m in Sources */ = {isa = PBXBuildFile; fileRef = 3F4796851CF020F4009ABC3F /* CreateScheduleTableViewController.m */; };
		3F47968D1CF020F4009ABC3F /* JoinScheduleTableViewController.m in Sources */ = {isa = PBXBuildFile; fileRef = 3F4796871CF020F4009ABC3F /* JoinScheduleTableViewController.m */; };
		3F47968E1CF020F4009ABC3F /* NewScheduleTableViewController.m in Sources */ = {isa = PBXBuildFile; fileRef = 3F4796891CF020F4009ABC3F /* NewScheduleTableViewController.m */; };
		3F47968F1CF020F4009ABC3F /* SortGroupsViewController.m in Sources */ = {isa = PBXBuildFile; fileRef = 3F47968B1CF020F4009ABC3F /* SortGroupsViewController.m */; };
		3F4796981CF02122009ABC3F /* MyPFLogInViewController.m in Sources */ = {isa = PBXBuildFile; fileRef = 3F4796911CF02122009ABC3F /* MyPFLogInViewController.m */; };
		3F4796991CF02122009ABC3F /* MyPFSignUpViewController.m in Sources */ = {isa = PBXBuildFile; fileRef = 3F4796931CF02122009ABC3F /* MyPFSignUpViewController.m */; };
		3F47969A1CF02122009ABC3F /* MySchedulesTableViewController.m in Sources */ = {isa = PBXBuildFile; fileRef = 3F4796951CF02122009ABC3F /* MySchedulesTableViewController.m */; };
		3F47969B1CF02122009ABC3F /* MySettingsViewController.m in Sources */ = {isa = PBXBuildFile; fileRef = 3F4796971CF02122009ABC3F /* MySettingsViewController.m */; };
		3F4796A51CF021E4009ABC3F /* Constants.m in Sources */ = {isa = PBXBuildFile; fileRef = 3F47969D1CF021E4009ABC3F /* Constants.m */; };
		3F4796A61CF021E4009ABC3F /* HomeGames.json in Resources */ = {isa = PBXBuildFile; fileRef = 3F47969E1CF021E4009ABC3F /* HomeGames.json */; };
		3F4796A81CF021E4009ABC3F /* main.m in Sources */ = {isa = PBXBuildFile; fileRef = 3F4796A01CF021E4009ABC3F /* main.m */; };
		3F4796A91CF021E4009ABC3F /* ScheduleAppDelegate.m in Sources */ = {isa = PBXBuildFile; fileRef = 3F4796A21CF021E4009ABC3F /* ScheduleAppDelegate.m */; };
		3F4796AD1CF02221009ABC3F /* AlgorithmTest.m in Sources */ = {isa = PBXBuildFile; fileRef = 3F4796AC1CF02221009ABC3F /* AlgorithmTest.m */; };
		3F4796B01CF0224C009ABC3F /* InfoPlist.strings in Resources */ = {isa = PBXBuildFile; fileRef = 3F4796AE1CF0224C009ABC3F /* InfoPlist.strings */; };
		3F4796C11CF024A5009ABC3F /* Tent-Info.plist in Resources */ = {isa = PBXBuildFile; fileRef = 3F4796C01CF024A5009ABC3F /* Tent-Info.plist */; };
		3F5AAA4B1C35279700531F09 /* libsqlite3.tbd in Frameworks */ = {isa = PBXBuildFile; fileRef = 3F5AAA4A1C35279700531F09 /* libsqlite3.tbd */; };
		3F9198ED1C3929D400FAD489 /* EventKit.framework in Frameworks */ = {isa = PBXBuildFile; fileRef = 3F9198EC1C3929D400FAD489 /* EventKit.framework */; };
		3F9269A71C352E780096F5B7 /* Launch Screen.storyboard in Resources */ = {isa = PBXBuildFile; fileRef = 3F9269A61C352E780096F5B7 /* Launch Screen.storyboard */; };
		3FA6D50A1965E7A50043087B /* CoreGraphics.framework in Frameworks */ = {isa = PBXBuildFile; fileRef = 3FA6D5091965E7A50043087B /* CoreGraphics.framework */; };
		3FA6D50C1965E7A50043087B /* UIKit.framework in Frameworks */ = {isa = PBXBuildFile; fileRef = 3FA6D50B1965E7A50043087B /* UIKit.framework */; };
		3FA6D51B1965E7A50043087B /* Main.storyboard in Resources */ = {isa = PBXBuildFile; fileRef = 3FA6D5191965E7A50043087B /* Main.storyboard */; };
		3FA6D5281965E7A50043087B /* Foundation.framework in Frameworks */ = {isa = PBXBuildFile; fileRef = 3FA6D5071965E7A50043087B /* Foundation.framework */; };
		3FA6D5291965E7A50043087B /* UIKit.framework in Frameworks */ = {isa = PBXBuildFile; fileRef = 3FA6D50B1965E7A50043087B /* UIKit.framework */; };
		3FA6D5311965E7A50043087B /* InfoPlist.strings in Resources */ = {isa = PBXBuildFile; fileRef = 3FA6D52F1965E7A50043087B /* InfoPlist.strings */; };
		3FA6D5331965E7A50043087B /* TentTests.m in Sources */ = {isa = PBXBuildFile; fileRef = 3FA6D5321965E7A50043087B /* TentTests.m */; };
		3FC432B319A0565100B560F1 /* Social.framework in Frameworks */ = {isa = PBXBuildFile; fileRef = 3FC432B219A0565100B560F1 /* Social.framework */; };
		3FC432B519A056DD00B560F1 /* Accounts.framework in Frameworks */ = {isa = PBXBuildFile; fileRef = 3FC432B419A056DD00B560F1 /* Accounts.framework */; };
		3FDE35631980A5DA00CE47D8 /* Person.m in Sources */ = {isa = PBXBuildFile; fileRef = 3FDE35621980A5DA00CE47D8 /* Person.m */; };
		3FDE35661980A6DA00CE47D8 /* Schedule.m in Sources */ = {isa = PBXBuildFile; fileRef = 3FDE35651980A6DA00CE47D8 /* Schedule.m */; };
/* End PBXBuildFile section */

/* Begin PBXContainerItemProxy section */
		3FA6D52A1965E7A50043087B /* PBXContainerItemProxy */ = {
			isa = PBXContainerItemProxy;
			containerPortal = 3FA6D4FC1965E7A50043087B /* Project object */;
			proxyType = 1;
			remoteGlobalIDString = 3FA6D5031965E7A50043087B;
			remoteInfo = Tent;
		};
/* End PBXContainerItemProxy section */

/* Begin PBXFileReference section */
		3F0294571982BFCD0016845A /* AudioToolbox.framework */ = {isa = PBXFileReference; lastKnownFileType = wrapper.framework; name = AudioToolbox.framework; path = System/Library/Frameworks/AudioToolbox.framework; sourceTree = SDKROOT; };
		3F0294591982BFD20016845A /* CFNetwork.framework */ = {isa = PBXFileReference; lastKnownFileType = wrapper.framework; name = CFNetwork.framework; path = System/Library/Frameworks/CFNetwork.framework; sourceTree = SDKROOT; };
		3F02945B1982BFDF0016845A /* CoreLocation.framework */ = {isa = PBXFileReference; lastKnownFileType = wrapper.framework; name = CoreLocation.framework; path = System/Library/Frameworks/CoreLocation.framework; sourceTree = SDKROOT; };
		3F02945F1982C0010016845A /* MobileCoreServices.framework */ = {isa = PBXFileReference; lastKnownFileType = wrapper.framework; name = MobileCoreServices.framework; path = System/Library/Frameworks/MobileCoreServices.framework; sourceTree = SDKROOT; };
		3F0294611982C0080016845A /* QuartzCore.framework */ = {isa = PBXFileReference; lastKnownFileType = wrapper.framework; name = QuartzCore.framework; path = System/Library/Frameworks/QuartzCore.framework; sourceTree = SDKROOT; };
		3F0294631982C0120016845A /* Security.framework */ = {isa = PBXFileReference; lastKnownFileType = wrapper.framework; name = Security.framework; path = System/Library/Frameworks/Security.framework; sourceTree = SDKROOT; };
		3F0294651982C01A0016845A /* StoreKit.framework */ = {isa = PBXFileReference; lastKnownFileType = wrapper.framework; name = StoreKit.framework; path = System/Library/Frameworks/StoreKit.framework; sourceTree = SDKROOT; };
		3F0294671982C0200016845A /* SystemConfiguration.framework */ = {isa = PBXFileReference; lastKnownFileType = wrapper.framework; name = SystemConfiguration.framework; path = System/Library/Frameworks/SystemConfiguration.framework; sourceTree = SDKROOT; };
		3F1107E219903FDB0063ED9B /* Interval.h */ = {isa = PBXFileReference; fileEncoding = 4; lastKnownFileType = sourcecode.c.h; name = Interval.h; path = Model/Interval.h; sourceTree = "<group>"; };
		3F1107E319903FDB0063ED9B /* Interval.m */ = {isa = PBXFileReference; fileEncoding = 4; lastKnownFileType = sourcecode.c.objc; name = Interval.m; path = Model/Interval.m; sourceTree = "<group>"; };
		3F2AA99A1CF2CBC100DD3298 /* Bolts.framework */ = {isa = PBXFileReference; lastKnownFileType = wrapper.framework; name = Bolts.framework; path = Tent/ParseSDK/Bolts.framework; sourceTree = "<group>"; };
		3F2AA99B1CF2CBC100DD3298 /* Parse.framework */ = {isa = PBXFileReference; lastKnownFileType = wrapper.framework; name = Parse.framework; path = Tent/ParseSDK/Parse.framework; sourceTree = "<group>"; };
		3F2AA99C1CF2CBC100DD3298 /* ParseFacebookUtils.framework */ = {isa = PBXFileReference; lastKnownFileType = wrapper.framework; name = ParseFacebookUtils.framework; path = Tent/ParseSDK/ParseFacebookUtils.framework; sourceTree = "<group>"; };
		3F2AA99D1CF2CBC100DD3298 /* ParseFacebookUtilsV4.framework */ = {isa = PBXFileReference; lastKnownFileType = wrapper.framework; name = ParseFacebookUtilsV4.framework; path = Tent/ParseSDK/ParseFacebookUtilsV4.framework; sourceTree = "<group>"; };
		3F2AA99E1CF2CBC100DD3298 /* ParseTwitterUtils.framework */ = {isa = PBXFileReference; lastKnownFileType = wrapper.framework; name = ParseTwitterUtils.framework; path = Tent/ParseSDK/ParseTwitterUtils.framework; sourceTree = "<group>"; };
		3F2AA99F1CF2CBC100DD3298 /* ParseUI.framework */ = {isa = PBXFileReference; lastKnownFileType = wrapper.framework; name = ParseUI.framework; path = Tent/ParseSDK/ParseUI.framework; sourceTree = "<group>"; };
		3F3B71B61C3B8FE700669C8B /* Images.xcassets */ = {isa = PBXFileReference; lastKnownFileType = folder.assetcatalog; path = Images.xcassets; sourceTree = "<group>"; };
		3F4796241CF01C07009ABC3F /* HomeGame.h */ = {isa = PBXFileReference; fileEncoding = 4; lastKnownFileType = sourcecode.c.h; name = HomeGame.h; path = Model/HomeGame.h; sourceTree = "<group>"; };
		3F4796251CF01C07009ABC3F /* HomeGame.m */ = {isa = PBXFileReference; fileEncoding = 4; lastKnownFileType = sourcecode.c.objc; name = HomeGame.m; path = Model/HomeGame.m; sourceTree = "<group>"; };
		3F4796271CF01C50009ABC3F /* AlgorithmSchedule.h */ = {isa = PBXFileReference; fileEncoding = 4; lastKnownFileType = sourcecode.c.h; name = AlgorithmSchedule.h; path = Model/AlgorithmSchedule.h; sourceTree = "<group>"; };
		3F4796281CF01C50009ABC3F /* AlgorithmSchedule.m */ = {isa = PBXFileReference; fileEncoding = 4; lastKnownFileType = sourcecode.c.objc; name = AlgorithmSchedule.m; path = Model/AlgorithmSchedule.m; sourceTree = "<group>"; };
		3F47962A1CF01C6D009ABC3F /* AlgorithmPerson.h */ = {isa = PBXFileReference; fileEncoding = 4; lastKnownFileType = sourcecode.c.h; name = AlgorithmPerson.h; path = Model/AlgorithmPerson.h; sourceTree = "<group>"; };
		3F47962B1CF01C6D009ABC3F /* AlgorithmPerson.m */ = {isa = PBXFileReference; fileEncoding = 4; lastKnownFileType = sourcecode.c.objc; name = AlgorithmPerson.m; path = Model/AlgorithmPerson.m; sourceTree = "<group>"; };
		3F47962D1CF01C85009ABC3F /* AlgorithmInterval.h */ = {isa = PBXFileReference; fileEncoding = 4; lastKnownFileType = sourcecode.c.h; name = AlgorithmInterval.h; path = Model/AlgorithmInterval.h; sourceTree = "<group>"; };
		3F47962E1CF01C85009ABC3F /* AlgorithmInterval.m */ = {isa = PBXFileReference; fileEncoding = 4; lastKnownFileType = sourcecode.c.objc; name = AlgorithmInterval.m; path = Model/AlgorithmInterval.m; sourceTree = "<group>"; };
		3F4796451CF01EBA009ABC3F /* AddPersonViewController.h */ = {isa = PBXFileReference; fileEncoding = 4; lastKnownFileType = sourcecode.c.h; name = AddPersonViewController.h; path = "Current Schedule View Controllers/AddPersonViewController.h"; sourceTree = "<group>"; };
		3F4796461CF01EBA009ABC3F /* AddPersonViewController.m */ = {isa = PBXFileReference; fileEncoding = 4; lastKnownFileType = sourcecode.c.objc; name = AddPersonViewController.m; path = "Current Schedule View Controllers/AddPersonViewController.m"; sourceTree = "<group>"; };
		3F4796471CF01EBA009ABC3F /* AdminToolsViewController.h */ = {isa = PBXFileReference; fileEncoding = 4; lastKnownFileType = sourcecode.c.h; name = AdminToolsViewController.h; path = "Current Schedule View Controllers/AdminToolsViewController.h"; sourceTree = "<group>"; };
		3F4796481CF01EBA009ABC3F /* AdminToolsViewController.m */ = {isa = PBXFileReference; fileEncoding = 4; lastKnownFileType = sourcecode.c.objc; name = AdminToolsViewController.m; path = "Current Schedule View Controllers/AdminToolsViewController.m"; sourceTree = "<group>"; };
		3F47964B1CF01ECF009ABC3F /* IntervalsTableViewController.h */ = {isa = PBXFileReference; fileEncoding = 4; lastKnownFileType = sourcecode.c.h; name = IntervalsTableViewController.h; path = "Current Schedule View Controllers/IntervalsTableViewController.h"; sourceTree = "<group>"; };
		3F47964C1CF01ECF009ABC3F /* IntervalsTableViewController.m */ = {isa = PBXFileReference; fileEncoding = 4; lastKnownFileType = sourcecode.c.objc; name = IntervalsTableViewController.m; path = "Current Schedule View Controllers/IntervalsTableViewController.m"; sourceTree = "<group>"; };
		3F47964D1CF01ECF009ABC3F /* MeScheduleViewController.h */ = {isa = PBXFileReference; fileEncoding = 4; lastKnownFileType = sourcecode.c.h; name = MeScheduleViewController.h; path = "Current Schedule View Controllers/MeScheduleViewController.h"; sourceTree = "<group>"; };
		3F47964E1CF01ECF009ABC3F /* MeScheduleViewController.m */ = {isa = PBXFileReference; fileEncoding = 4; lastKnownFileType = sourcecode.c.objc; name = MeScheduleViewController.m; path = "Current Schedule View Controllers/MeScheduleViewController.m"; sourceTree = "<group>"; };
		3F47964F1CF01ECF009ABC3F /* NowPersonsInIntervalViewController.h */ = {isa = PBXFileReference; fileEncoding = 4; lastKnownFileType = sourcecode.c.h; name = NowPersonsInIntervalViewController.h; path = "Current Schedule View Controllers/NowPersonsInIntervalViewController.h"; sourceTree = "<group>"; };
		3F4796501CF01ECF009ABC3F /* NowPersonsInIntervalViewController.m */ = {isa = PBXFileReference; fileEncoding = 4; lastKnownFileType = sourcecode.c.objc; name = NowPersonsInIntervalViewController.m; path = "Current Schedule View Controllers/NowPersonsInIntervalViewController.m"; sourceTree = "<group>"; };
		3F4796511CF01ECF009ABC3F /* OtherPersonScheduleViewController.h */ = {isa = PBXFileReference; fileEncoding = 4; lastKnownFileType = sourcecode.c.h; name = OtherPersonScheduleViewController.h; path = "Current Schedule View Controllers/OtherPersonScheduleViewController.h"; sourceTree = "<group>"; };
		3F4796521CF01ECF009ABC3F /* OtherPersonScheduleViewController.m */ = {isa = PBXFileReference; fileEncoding = 4; lastKnownFileType = sourcecode.c.objc; name = OtherPersonScheduleViewController.m; path = "Current Schedule View Controllers/OtherPersonScheduleViewController.m"; sourceTree = "<group>"; };
		3F4796531CF01ECF009ABC3F /* PersonScheduleViewController.h */ = {isa = PBXFileReference; fileEncoding = 4; lastKnownFileType = sourcecode.c.h; name = PersonScheduleViewController.h; path = "Current Schedule View Controllers/PersonScheduleViewController.h"; sourceTree = "<group>"; };
		3F4796541CF01ECF009ABC3F /* PersonScheduleViewController.m */ = {isa = PBXFileReference; fileEncoding = 4; lastKnownFileType = sourcecode.c.objc; name = PersonScheduleViewController.m; path = "Current Schedule View Controllers/PersonScheduleViewController.m"; sourceTree = "<group>"; };
		3F4796551CF01ECF009ABC3F /* PersonsInIntervalViewController.h */ = {isa = PBXFileReference; fileEncoding = 4; lastKnownFileType = sourcecode.c.h; name = PersonsInIntervalViewController.h; path = "Current Schedule View Controllers/PersonsInIntervalViewController.h"; sourceTree = "<group>"; };
		3F4796561CF01ECF009ABC3F /* PersonsInIntervalViewController.m */ = {isa = PBXFileReference; fileEncoding = 4; lastKnownFileType = sourcecode.c.objc; name = PersonsInIntervalViewController.m; path = "Current Schedule View Controllers/PersonsInIntervalViewController.m"; sourceTree = "<group>"; };
		3F4796571CF01ECF009ABC3F /* PickPersonTableViewController.h */ = {isa = PBXFileReference; fileEncoding = 4; lastKnownFileType = sourcecode.c.h; name = PickPersonTableViewController.h; path = "Current Schedule View Controllers/PickPersonTableViewController.h"; sourceTree = "<group>"; };
		3F4796581CF01ECF009ABC3F /* PickPersonTableViewController.m */ = {isa = PBXFileReference; fileEncoding = 4; lastKnownFileType = sourcecode.c.objc; name = PickPersonTableViewController.m; path = "Current Schedule View Controllers/PickPersonTableViewController.m"; sourceTree = "<group>"; };
		3F4796591CF01ECF009ABC3F /* ScheduleSettingsViewController.h */ = {isa = PBXFileReference; fileEncoding = 4; lastKnownFileType = sourcecode.c.h; name = ScheduleSettingsViewController.h; path = "Current Schedule View Controllers/ScheduleSettingsViewController.h"; sourceTree = "<group>"; };
		3F47965A1CF01ECF009ABC3F /* ScheduleSettingsViewController.m */ = {isa = PBXFileReference; fileEncoding = 4; lastKnownFileType = sourcecode.c.objc; name = ScheduleSettingsViewController.m; path = "Current Schedule View Controllers/ScheduleSettingsViewController.m"; sourceTree = "<group>"; };
		3F47965B1CF01ECF009ABC3F /* StatsViewController.h */ = {isa = PBXFileReference; fileEncoding = 4; lastKnownFileType = sourcecode.c.h; name = StatsViewController.h; path = "Current Schedule View Controllers/StatsViewController.h"; sourceTree = "<group>"; };
		3F47965C1CF01ECF009ABC3F /* StatsViewController.m */ = {isa = PBXFileReference; fileEncoding = 4; lastKnownFileType = sourcecode.c.objc; name = StatsViewController.m; path = "Current Schedule View Controllers/StatsViewController.m"; sourceTree = "<group>"; };
		3F47965D1CF01ECF009ABC3F /* SuperPersonsInIntervalViewController.h */ = {isa = PBXFileReference; fileEncoding = 4; lastKnownFileType = sourcecode.c.h; name = SuperPersonsInIntervalViewController.h; path = "Current Schedule View Controllers/SuperPersonsInIntervalViewController.h"; sourceTree = "<group>"; };
		3F47965E1CF01ECF009ABC3F /* SuperPersonsInIntervalViewController.m */ = {isa = PBXFileReference; fileEncoding = 4; lastKnownFileType = sourcecode.c.objc; name = SuperPersonsInIntervalViewController.m; path = "Current Schedule View Controllers/SuperPersonsInIntervalViewController.m"; sourceTree = "<group>"; };
		3F4796691CF01F77009ABC3F /* MyScheduleContainerViewController.h */ = {isa = PBXFileReference; fileEncoding = 4; lastKnownFileType = sourcecode.c.h; name = MyScheduleContainerViewController.h; path = "Current Schedule View Controllers/Container View Controllers/MyScheduleContainerViewController.h"; sourceTree = "<group>"; };
		3F47966A1CF01F77009ABC3F /* MyScheduleContainerViewController.m */ = {isa = PBXFileReference; fileEncoding = 4; lastKnownFileType = sourcecode.c.objc; name = MyScheduleContainerViewController.m; path = "Current Schedule View Controllers/Container View Controllers/MyScheduleContainerViewController.m"; sourceTree = "<group>"; };
		3F47966C1CF020B9009ABC3F /* HomeGamesTableViewCell.h */ = {isa = PBXFileReference; fileEncoding = 4; lastKnownFileType = sourcecode.c.h; name = HomeGamesTableViewCell.h; path = "Custom Table View Cells/HomeGamesTableViewCell.h"; sourceTree = "<group>"; };
		3F47966D1CF020B9009ABC3F /* HomeGamesTableViewCell.m */ = {isa = PBXFileReference; fileEncoding = 4; lastKnownFileType = sourcecode.c.objc; name = HomeGamesTableViewCell.m; path = "Custom Table View Cells/HomeGamesTableViewCell.m"; sourceTree = "<group>"; };
		3F47966E1CF020B9009ABC3F /* IntervalTableViewCell.h */ = {isa = PBXFileReference; fileEncoding = 4; lastKnownFileType = sourcecode.c.h; name = IntervalTableViewCell.h; path = "Custom Table View Cells/IntervalTableViewCell.h"; sourceTree = "<group>"; };
		3F47966F1CF020B9009ABC3F /* IntervalTableViewCell.m */ = {isa = PBXFileReference; fileEncoding = 4; lastKnownFileType = sourcecode.c.objc; name = IntervalTableViewCell.m; path = "Custom Table View Cells/IntervalTableViewCell.m"; sourceTree = "<group>"; };
		3F4796701CF020B9009ABC3F /* JoinedHomeGameTableViewCell.h */ = {isa = PBXFileReference; fileEncoding = 4; lastKnownFileType = sourcecode.c.h; name = JoinedHomeGameTableViewCell.h; path = "Custom Table View Cells/JoinedHomeGameTableViewCell.h"; sourceTree = "<group>"; };
		3F4796711CF020B9009ABC3F /* JoinedHomeGameTableViewCell.m */ = {isa = PBXFileReference; fileEncoding = 4; lastKnownFileType = sourcecode.c.objc; name = JoinedHomeGameTableViewCell.m; path = "Custom Table View Cells/JoinedHomeGameTableViewCell.m"; sourceTree = "<group>"; };
		3F4796721CF020B9009ABC3F /* MySchedulesTableViewCell.h */ = {isa = PBXFileReference; fileEncoding = 4; lastKnownFileType = sourcecode.c.h; name = MySchedulesTableViewCell.h; path = "Custom Table View Cells/MySchedulesTableViewCell.h"; sourceTree = "<group>"; };
		3F4796731CF020B9009ABC3F /* MySchedulesTableViewCell.m */ = {isa = PBXFileReference; fileEncoding = 4; lastKnownFileType = sourcecode.c.objc; name = MySchedulesTableViewCell.m; path = "Custom Table View Cells/MySchedulesTableViewCell.m"; sourceTree = "<group>"; };
		3F4796741CF020B9009ABC3F /* MySettingsTableViewCell.h */ = {isa = PBXFileReference; fileEncoding = 4; lastKnownFileType = sourcecode.c.h; name = MySettingsTableViewCell.h; path = "Custom Table View Cells/MySettingsTableViewCell.h"; sourceTree = "<group>"; };
		3F4796751CF020B9009ABC3F /* MySettingsTableViewCell.m */ = {isa = PBXFileReference; fileEncoding = 4; lastKnownFileType = sourcecode.c.objc; name = MySettingsTableViewCell.m; path = "Custom Table View Cells/MySettingsTableViewCell.m"; sourceTree = "<group>"; };
		3F4796761CF020B9009ABC3F /* NameOfScheduleTableViewCell.h */ = {isa = PBXFileReference; fileEncoding = 4; lastKnownFileType = sourcecode.c.h; name = NameOfScheduleTableViewCell.h; path = "Custom Table View Cells/NameOfScheduleTableViewCell.h"; sourceTree = "<group>"; };
		3F4796771CF020B9009ABC3F /* NameOfScheduleTableViewCell.m */ = {isa = PBXFileReference; fileEncoding = 4; lastKnownFileType = sourcecode.c.objc; name = NameOfScheduleTableViewCell.m; path = "Custom Table View Cells/NameOfScheduleTableViewCell.m"; sourceTree = "<group>"; };
		3F4796781CF020B9009ABC3F /* PasswordTableViewCell.h */ = {isa = PBXFileReference; fileEncoding = 4; lastKnownFileType = sourcecode.c.h; name = PasswordTableViewCell.h; path = "Custom Table View Cells/PasswordTableViewCell.h"; sourceTree = "<group>"; };
		3F4796791CF020B9009ABC3F /* PasswordTableViewCell.m */ = {isa = PBXFileReference; fileEncoding = 4; lastKnownFileType = sourcecode.c.objc; name = PasswordTableViewCell.m; path = "Custom Table View Cells/PasswordTableViewCell.m"; sourceTree = "<group>"; };
		3F47967A1CF020B9009ABC3F /* ScheduleTableViewCell.h */ = {isa = PBXFileReference; fileEncoding = 4; lastKnownFileType = sourcecode.c.h; name = ScheduleTableViewCell.h; path = "Custom Table View Cells/ScheduleTableViewCell.h"; sourceTree = "<group>"; };
		3F47967B1CF020B9009ABC3F /* ScheduleTableViewCell.m */ = {isa = PBXFileReference; fileEncoding = 4; lastKnownFileType = sourcecode.c.objc; name = ScheduleTableViewCell.m; path = "Custom Table View Cells/ScheduleTableViewCell.m"; sourceTree = "<group>"; };
		3F4796841CF020F4009ABC3F /* CreateScheduleTableViewController.h */ = {isa = PBXFileReference; fileEncoding = 4; lastKnownFileType = sourcecode.c.h; name = CreateScheduleTableViewController.h; path = "Adding Schedules/CreateScheduleTableViewController.h"; sourceTree = "<group>"; };
		3F4796851CF020F4009ABC3F /* CreateScheduleTableViewController.m */ = {isa = PBXFileReference; fileEncoding = 4; lastKnownFileType = sourcecode.c.objc; name = CreateScheduleTableViewController.m; path = "Adding Schedules/CreateScheduleTableViewController.m"; sourceTree = "<group>"; };
		3F4796861CF020F4009ABC3F /* JoinScheduleTableViewController.h */ = {isa = PBXFileReference; fileEncoding = 4; lastKnownFileType = sourcecode.c.h; name = JoinScheduleTableViewController.h; path = "Adding Schedules/JoinScheduleTableViewController.h"; sourceTree = "<group>"; };
		3F4796871CF020F4009ABC3F /* JoinScheduleTableViewController.m */ = {isa = PBXFileReference; fileEncoding = 4; lastKnownFileType = sourcecode.c.objc; name = JoinScheduleTableViewController.m; path = "Adding Schedules/JoinScheduleTableViewController.m"; sourceTree = "<group>"; };
		3F4796881CF020F4009ABC3F /* NewScheduleTableViewController.h */ = {isa = PBXFileReference; fileEncoding = 4; lastKnownFileType = sourcecode.c.h; name = NewScheduleTableViewController.h; path = "Adding Schedules/NewScheduleTableViewController.h"; sourceTree = "<group>"; };
		3F4796891CF020F4009ABC3F /* NewScheduleTableViewController.m */ = {isa = PBXFileReference; fileEncoding = 4; lastKnownFileType = sourcecode.c.objc; name = NewScheduleTableViewController.m; path = "Adding Schedules/NewScheduleTableViewController.m"; sourceTree = "<group>"; };
		3F47968A1CF020F4009ABC3F /* SortGroupsViewController.h */ = {isa = PBXFileReference; fileEncoding = 4; lastKnownFileType = sourcecode.c.h; name = SortGroupsViewController.h; path = "Adding Schedules/SortGroupsViewController.h"; sourceTree = "<group>"; };
		3F47968B1CF020F4009ABC3F /* SortGroupsViewController.m */ = {isa = PBXFileReference; fileEncoding = 4; lastKnownFileType = sourcecode.c.objc; name = SortGroupsViewController.m; path = "Adding Schedules/SortGroupsViewController.m"; sourceTree = "<group>"; };
		3F4796901CF02122009ABC3F /* MyPFLogInViewController.h */ = {isa = PBXFileReference; fileEncoding = 4; lastKnownFileType = sourcecode.c.h; name = MyPFLogInViewController.h; path = "Login and Home/MyPFLogInViewController.h"; sourceTree = "<group>"; };
		3F4796911CF02122009ABC3F /* MyPFLogInViewController.m */ = {isa = PBXFileReference; fileEncoding = 4; lastKnownFileType = sourcecode.c.objc; name = MyPFLogInViewController.m; path = "Login and Home/MyPFLogInViewController.m"; sourceTree = "<group>"; };
		3F4796921CF02122009ABC3F /* MyPFSignUpViewController.h */ = {isa = PBXFileReference; fileEncoding = 4; lastKnownFileType = sourcecode.c.h; name = MyPFSignUpViewController.h; path = "Login and Home/MyPFSignUpViewController.h"; sourceTree = "<group>"; };
		3F4796931CF02122009ABC3F /* MyPFSignUpViewController.m */ = {isa = PBXFileReference; fileEncoding = 4; lastKnownFileType = sourcecode.c.objc; name = MyPFSignUpViewController.m; path = "Login and Home/MyPFSignUpViewController.m"; sourceTree = "<group>"; };
		3F4796941CF02122009ABC3F /* MySchedulesTableViewController.h */ = {isa = PBXFileReference; fileEncoding = 4; lastKnownFileType = sourcecode.c.h; name = MySchedulesTableViewController.h; path = "Login and Home/MySchedulesTableViewController.h"; sourceTree = "<group>"; };
		3F4796951CF02122009ABC3F /* MySchedulesTableViewController.m */ = {isa = PBXFileReference; fileEncoding = 4; lastKnownFileType = sourcecode.c.objc; name = MySchedulesTableViewController.m; path = "Login and Home/MySchedulesTableViewController.m"; sourceTree = "<group>"; };
		3F4796961CF02122009ABC3F /* MySettingsViewController.h */ = {isa = PBXFileReference; fileEncoding = 4; lastKnownFileType = sourcecode.c.h; name = MySettingsViewController.h; path = "Login and Home/MySettingsViewController.h"; sourceTree = "<group>"; };
		3F4796971CF02122009ABC3F /* MySettingsViewController.m */ = {isa = PBXFileReference; fileEncoding = 4; lastKnownFileType = sourcecode.c.objc; name = MySettingsViewController.m; path = "Login and Home/MySettingsViewController.m"; sourceTree = "<group>"; };
		3F47969C1CF021E4009ABC3F /* Constants.h */ = {isa = PBXFileReference; fileEncoding = 4; lastKnownFileType = sourcecode.c.h; name = Constants.h; path = "Supporting Files/Constants.h"; sourceTree = "<group>"; };
		3F47969D1CF021E4009ABC3F /* Constants.m */ = {isa = PBXFileReference; fileEncoding = 4; lastKnownFileType = sourcecode.c.objc; name = Constants.m; path = "Supporting Files/Constants.m"; sourceTree = "<group>"; };
		3F47969E1CF021E4009ABC3F /* HomeGames.json */ = {isa = PBXFileReference; fileEncoding = 4; lastKnownFileType = text.json; name = HomeGames.json; path = "Supporting Files/HomeGames.json"; sourceTree = "<group>"; };
		3F4796A01CF021E4009ABC3F /* main.m */ = {isa = PBXFileReference; fileEncoding = 4; lastKnownFileType = sourcecode.c.objc; name = main.m; path = "Supporting Files/main.m"; sourceTree = "<group>"; };
		3F4796A11CF021E4009ABC3F /* ScheduleAppDelegate.h */ = {isa = PBXFileReference; fileEncoding = 4; lastKnownFileType = sourcecode.c.h; name = ScheduleAppDelegate.h; path = "Supporting Files/ScheduleAppDelegate.h"; sourceTree = "<group>"; };
		3F4796A21CF021E4009ABC3F /* ScheduleAppDelegate.m */ = {isa = PBXFileReference; fileEncoding = 4; lastKnownFileType = sourcecode.c.objc; name = ScheduleAppDelegate.m; path = "Supporting Files/ScheduleAppDelegate.m"; sourceTree = "<group>"; };
		3F4796AB1CF02221009ABC3F /* AlgorithmTest.h */ = {isa = PBXFileReference; fileEncoding = 4; lastKnownFileType = sourcecode.c.h; name = AlgorithmTest.h; path = "TentTests/Model Testing/AlgorithmTest.h"; sourceTree = SOURCE_ROOT; };
		3F4796AC1CF02221009ABC3F /* AlgorithmTest.m */ = {isa = PBXFileReference; fileEncoding = 4; lastKnownFileType = sourcecode.c.objc; name = AlgorithmTest.m; path = "TentTests/Model Testing/AlgorithmTest.m"; sourceTree = SOURCE_ROOT; };
		3F4796AF1CF0224C009ABC3F /* en */ = {isa = PBXFileReference; lastKnownFileType = text.plist.strings; name = en; path = en.lproj/InfoPlist.strings; sourceTree = "<group>"; };
		3F4796BF1CF02475009ABC3F /* Tent-Prefix.pch */ = {isa = PBXFileReference; lastKnownFileType = sourcecode.c.h; path = "Tent-Prefix.pch"; sourceTree = "<group>"; };
		3F4796C01CF024A5009ABC3F /* Tent-Info.plist */ = {isa = PBXFileReference; fileEncoding = 4; lastKnownFileType = text.plist.xml; path = "Tent-Info.plist"; sourceTree = "<group>"; };
		3F5AAA4A1C35279700531F09 /* libsqlite3.tbd */ = {isa = PBXFileReference; lastKnownFileType = "sourcecode.text-based-dylib-definition"; name = libsqlite3.tbd; path = usr/lib/libsqlite3.tbd; sourceTree = SDKROOT; };
		3F9198EC1C3929D400FAD489 /* EventKit.framework */ = {isa = PBXFileReference; lastKnownFileType = wrapper.framework; name = EventKit.framework; path = System/Library/Frameworks/EventKit.framework; sourceTree = SDKROOT; };
		3F9269A61C352E780096F5B7 /* Launch Screen.storyboard */ = {isa = PBXFileReference; fileEncoding = 4; lastKnownFileType = file.storyboard; path = "Launch Screen.storyboard"; sourceTree = "<group>"; };
		3FA6D5041965E7A50043087B /* Tent.app */ = {isa = PBXFileReference; explicitFileType = wrapper.application; includeInIndex = 0; path = Tent.app; sourceTree = BUILT_PRODUCTS_DIR; };
		3FA6D5071965E7A50043087B /* Foundation.framework */ = {isa = PBXFileReference; lastKnownFileType = wrapper.framework; name = Foundation.framework; path = System/Library/Frameworks/Foundation.framework; sourceTree = SDKROOT; };
		3FA6D5091965E7A50043087B /* CoreGraphics.framework */ = {isa = PBXFileReference; lastKnownFileType = wrapper.framework; name = CoreGraphics.framework; path = System/Library/Frameworks/CoreGraphics.framework; sourceTree = SDKROOT; };
		3FA6D50B1965E7A50043087B /* UIKit.framework */ = {isa = PBXFileReference; lastKnownFileType = wrapper.framework; name = UIKit.framework; path = System/Library/Frameworks/UIKit.framework; sourceTree = SDKROOT; };
		3FA6D51A1965E7A50043087B /* Base */ = {isa = PBXFileReference; lastKnownFileType = file.storyboard; name = Base; path = Base.lproj/Main.storyboard; sourceTree = "<group>"; };
		3FA6D5251965E7A50043087B /* TentTests.xctest */ = {isa = PBXFileReference; explicitFileType = wrapper.cfbundle; includeInIndex = 0; path = TentTests.xctest; sourceTree = BUILT_PRODUCTS_DIR; };
		3FA6D52E1965E7A50043087B /* TentTests-Info.plist */ = {isa = PBXFileReference; lastKnownFileType = text.plist.xml; path = "TentTests-Info.plist"; sourceTree = "<group>"; };
		3FA6D5301965E7A50043087B /* en */ = {isa = PBXFileReference; lastKnownFileType = text.plist.strings; name = en; path = en.lproj/InfoPlist.strings; sourceTree = "<group>"; };
		3FA6D5321965E7A50043087B /* TentTests.m */ = {isa = PBXFileReference; lastKnownFileType = sourcecode.c.objc; path = TentTests.m; sourceTree = "<group>"; };
		3FC432B219A0565100B560F1 /* Social.framework */ = {isa = PBXFileReference; lastKnownFileType = wrapper.framework; name = Social.framework; path = System/Library/Frameworks/Social.framework; sourceTree = SDKROOT; };
		3FC432B419A056DD00B560F1 /* Accounts.framework */ = {isa = PBXFileReference; lastKnownFileType = wrapper.framework; name = Accounts.framework; path = System/Library/Frameworks/Accounts.framework; sourceTree = SDKROOT; };
		3FDE35611980A5DA00CE47D8 /* Person.h */ = {isa = PBXFileReference; fileEncoding = 4; lastKnownFileType = sourcecode.c.h; name = Person.h; path = Model/Person.h; sourceTree = "<group>"; };
		3FDE35621980A5DA00CE47D8 /* Person.m */ = {isa = PBXFileReference; fileEncoding = 4; lastKnownFileType = sourcecode.c.objc; name = Person.m; path = Model/Person.m; sourceTree = "<group>"; };
		3FDE35641980A6DA00CE47D8 /* Schedule.h */ = {isa = PBXFileReference; fileEncoding = 4; lastKnownFileType = sourcecode.c.h; name = Schedule.h; path = Model/Schedule.h; sourceTree = "<group>"; };
		3FDE35651980A6DA00CE47D8 /* Schedule.m */ = {isa = PBXFileReference; fileEncoding = 4; lastKnownFileType = sourcecode.c.objc; name = Schedule.m; path = Model/Schedule.m; sourceTree = "<group>"; };
/* End PBXFileReference section */

/* Begin PBXFrameworksBuildPhase section */
		3FA6D5011965E7A50043087B /* Frameworks */ = {
			isa = PBXFrameworksBuildPhase;
			buildActionMask = 2147483647;
			files = (
				3F2AA9A01CF2CBC100DD3298 /* Bolts.framework in Frameworks */,
				3F2AA9A11CF2CBC100DD3298 /* Parse.framework in Frameworks */,
				3F2AA9A41CF2CBC100DD3298 /* ParseTwitterUtils.framework in Frameworks */,
				3F2AA9A21CF2CBC100DD3298 /* ParseFacebookUtils.framework in Frameworks */,
				3F2AA9A31CF2CBC100DD3298 /* ParseFacebookUtilsV4.framework in Frameworks */,
				3F2AA9A51CF2CBC100DD3298 /* ParseUI.framework in Frameworks */,
				3F9198ED1C3929D400FAD489 /* EventKit.framework in Frameworks */,
				3F5AAA4B1C35279700531F09 /* libsqlite3.tbd in Frameworks */,
				3FC432B519A056DD00B560F1 /* Accounts.framework in Frameworks */,
				3FC432B319A0565100B560F1 /* Social.framework in Frameworks */,
				3F0294681982C0200016845A /* SystemConfiguration.framework in Frameworks */,
				3F0294661982C01A0016845A /* StoreKit.framework in Frameworks */,
				3F0294641982C0120016845A /* Security.framework in Frameworks */,
				3F0294621982C0080016845A /* QuartzCore.framework in Frameworks */,
				3F0294601982C0010016845A /* MobileCoreServices.framework in Frameworks */,
				3F02945C1982BFDF0016845A /* CoreLocation.framework in Frameworks */,
				3FA6D50A1965E7A50043087B /* CoreGraphics.framework in Frameworks */,
				3F02945A1982BFD20016845A /* CFNetwork.framework in Frameworks */,
				3F0294581982BFCD0016845A /* AudioToolbox.framework in Frameworks */,
				3FA6D50C1965E7A50043087B /* UIKit.framework in Frameworks */,
			);
			runOnlyForDeploymentPostprocessing = 0;
		};
		3FA6D5221965E7A50043087B /* Frameworks */ = {
			isa = PBXFrameworksBuildPhase;
			buildActionMask = 2147483647;
			files = (
				3FA6D5291965E7A50043087B /* UIKit.framework in Frameworks */,
				3FA6D5281965E7A50043087B /* Foundation.framework in Frameworks */,
			);
			runOnlyForDeploymentPostprocessing = 0;
		};
/* End PBXFrameworksBuildPhase section */

/* Begin PBXGroup section */
		3F09B1D51BC2B2F500AB27CD /* Container View Controllers */ = {
			isa = PBXGroup;
			children = (
				3F4796691CF01F77009ABC3F /* MyScheduleContainerViewController.h */,
				3F47966A1CF01F77009ABC3F /* MyScheduleContainerViewController.m */,
			);
			name = "Container View Controllers";
			sourceTree = "<group>";
		};
		3F26ABB019CCE97F00B74859 /* Current Schedule View Controllers */ = {
			isa = PBXGroup;
			children = (
				3F09B1D51BC2B2F500AB27CD /* Container View Controllers */,
				3F4796531CF01ECF009ABC3F /* PersonScheduleViewController.h */,
				3F4796541CF01ECF009ABC3F /* PersonScheduleViewController.m */,
				3F47964D1CF01ECF009ABC3F /* MeScheduleViewController.h */,
				3F47964E1CF01ECF009ABC3F /* MeScheduleViewController.m */,
				3F4796511CF01ECF009ABC3F /* OtherPersonScheduleViewController.h */,
				3F4796521CF01ECF009ABC3F /* OtherPersonScheduleViewController.m */,
				3F4796571CF01ECF009ABC3F /* PickPersonTableViewController.h */,
				3F4796581CF01ECF009ABC3F /* PickPersonTableViewController.m */,
				3F47964B1CF01ECF009ABC3F /* IntervalsTableViewController.h */,
				3F47964C1CF01ECF009ABC3F /* IntervalsTableViewController.m */,
				3F47965D1CF01ECF009ABC3F /* SuperPersonsInIntervalViewController.h */,
				3F47965E1CF01ECF009ABC3F /* SuperPersonsInIntervalViewController.m */,
				3F4796551CF01ECF009ABC3F /* PersonsInIntervalViewController.h */,
				3F4796561CF01ECF009ABC3F /* PersonsInIntervalViewController.m */,
				3F47964F1CF01ECF009ABC3F /* NowPersonsInIntervalViewController.h */,
				3F4796501CF01ECF009ABC3F /* NowPersonsInIntervalViewController.m */,
				3F4796451CF01EBA009ABC3F /* AddPersonViewController.h */,
				3F4796461CF01EBA009ABC3F /* AddPersonViewController.m */,
				3F47965B1CF01ECF009ABC3F /* StatsViewController.h */,
				3F47965C1CF01ECF009ABC3F /* StatsViewController.m */,
				3F4796591CF01ECF009ABC3F /* ScheduleSettingsViewController.h */,
				3F47965A1CF01ECF009ABC3F /* ScheduleSettingsViewController.m */,
				3F4796471CF01EBA009ABC3F /* AdminToolsViewController.h */,
				3F4796481CF01EBA009ABC3F /* AdminToolsViewController.m */,
			);
			name = "Current Schedule View Controllers";
			sourceTree = "<group>";
		};
		3F3B0C3D1BFBF6180056E378 /* Model Testing */ = {
			isa = PBXGroup;
			children = (
				3F4796AB1CF02221009ABC3F /* AlgorithmTest.h */,
				3F4796AC1CF02221009ABC3F /* AlgorithmTest.m */,
			);
			name = "Model Testing";
			path = ../Tent;
			sourceTree = "<group>";
		};
		3F44CE6019CCE7E200271D3E /* Adding Schedules */ = {
			isa = PBXGroup;
			children = (
				3F4796841CF020F4009ABC3F /* CreateScheduleTableViewController.h */,
				3F4796851CF020F4009ABC3F /* CreateScheduleTableViewController.m */,
				3F4796861CF020F4009ABC3F /* JoinScheduleTableViewController.h */,
				3F4796871CF020F4009ABC3F /* JoinScheduleTableViewController.m */,
				3F4796881CF020F4009ABC3F /* NewScheduleTableViewController.h */,
				3F4796891CF020F4009ABC3F /* NewScheduleTableViewController.m */,
				3F47968A1CF020F4009ABC3F /* SortGroupsViewController.h */,
				3F47968B1CF020F4009ABC3F /* SortGroupsViewController.m */,
			);
			name = "Adding Schedules";
			sourceTree = "<group>";
		};
		3FA6D4FB1965E7A50043087B = {
			isa = PBXGroup;
			children = (
				3FA6D50D1965E7A50043087B /* Tent */,
				3FA6D52C1965E7A50043087B /* TentTests */,
				3FA6D5061965E7A50043087B /* Frameworks */,
				3FA6D5051965E7A50043087B /* Products */,
			);
			sourceTree = "<group>";
		};
		3FA6D5051965E7A50043087B /* Products */ = {
			isa = PBXGroup;
			children = (
				3FA6D5041965E7A50043087B /* Tent.app */,
				3FA6D5251965E7A50043087B /* TentTests.xctest */,
			);
			name = Products;
			sourceTree = "<group>";
		};
		3FA6D5061965E7A50043087B /* Frameworks */ = {
			isa = PBXGroup;
			children = (
				3F2AA99A1CF2CBC100DD3298 /* Bolts.framework */,
				3F2AA99B1CF2CBC100DD3298 /* Parse.framework */,
				3F2AA99C1CF2CBC100DD3298 /* ParseFacebookUtils.framework */,
				3F2AA99D1CF2CBC100DD3298 /* ParseFacebookUtilsV4.framework */,
				3F2AA99E1CF2CBC100DD3298 /* ParseTwitterUtils.framework */,
				3F2AA99F1CF2CBC100DD3298 /* ParseUI.framework */,
				3F9198EC1C3929D400FAD489 /* EventKit.framework */,
				3F5AAA4A1C35279700531F09 /* libsqlite3.tbd */,
				3FC432B419A056DD00B560F1 /* Accounts.framework */,
				3FC432B219A0565100B560F1 /* Social.framework */,
				3F0294671982C0200016845A /* SystemConfiguration.framework */,
				3F0294651982C01A0016845A /* StoreKit.framework */,
				3F0294631982C0120016845A /* Security.framework */,
				3F0294611982C0080016845A /* QuartzCore.framework */,
				3F02945F1982C0010016845A /* MobileCoreServices.framework */,
				3F02945B1982BFDF0016845A /* CoreLocation.framework */,
				3F0294591982BFD20016845A /* CFNetwork.framework */,
				3F0294571982BFCD0016845A /* AudioToolbox.framework */,
				3FA6D5071965E7A50043087B /* Foundation.framework */,
				3FA6D5091965E7A50043087B /* CoreGraphics.framework */,
				3FA6D50B1965E7A50043087B /* UIKit.framework */,
			);
			name = Frameworks;
			sourceTree = "<group>";
		};
		3FA6D50D1965E7A50043087B /* Tent */ = {
			isa = PBXGroup;
			children = (
				3FA6D5191965E7A50043087B /* Main.storyboard */,
				3F3B71B61C3B8FE700669C8B /* Images.xcassets */,
				3FC432B619A0579600B560F1 /* Login and Home */,
				3F44CE6019CCE7E200271D3E /* Adding Schedules */,
				3F26ABB019CCE97F00B74859 /* Current Schedule View Controllers */,
				3FB42F4D19B2A5220079EDE1 /* Custom Table View Cells */,
				3FA6D5401965E8110043087B /* Model */,
				3FA6D50E1965E7A50043087B /* Supporting Files */,
				3F9269A61C352E780096F5B7 /* Launch Screen.storyboard */,
			);
			path = Tent;
			sourceTree = "<group>";
		};
		3FA6D50E1965E7A50043087B /* Supporting Files */ = {
			isa = PBXGroup;
			children = (
				3F47969C1CF021E4009ABC3F /* Constants.h */,
				3F47969D1CF021E4009ABC3F /* Constants.m */,
				3F47969E1CF021E4009ABC3F /* HomeGames.json */,
				3F4796AE1CF0224C009ABC3F /* InfoPlist.strings */,
				3F4796A01CF021E4009ABC3F /* main.m */,
				3F4796A11CF021E4009ABC3F /* ScheduleAppDelegate.h */,
				3F4796A21CF021E4009ABC3F /* ScheduleAppDelegate.m */,
				3F4796C01CF024A5009ABC3F /* Tent-Info.plist */,
				3F4796BF1CF02475009ABC3F /* Tent-Prefix.pch */,
			);
			name = "Supporting Files";
			sourceTree = "<group>";
		};
		3FA6D52C1965E7A50043087B /* TentTests */ = {
			isa = PBXGroup;
			children = (
				3FA6D5321965E7A50043087B /* TentTests.m */,
				3F3B0C3D1BFBF6180056E378 /* Model Testing */,
				3FA6D52D1965E7A50043087B /* Supporting Files */,
			);
			path = TentTests;
			sourceTree = "<group>";
		};
		3FA6D52D1965E7A50043087B /* Supporting Files */ = {
			isa = PBXGroup;
			children = (
				3FA6D52E1965E7A50043087B /* TentTests-Info.plist */,
				3FA6D52F1965E7A50043087B /* InfoPlist.strings */,
			);
			name = "Supporting Files";
			sourceTree = "<group>";
		};
		3FA6D5401965E8110043087B /* Model */ = {
			isa = PBXGroup;
			children = (
				3F4796241CF01C07009ABC3F /* HomeGame.h */,
				3F4796251CF01C07009ABC3F /* HomeGame.m */,
				3F1107E219903FDB0063ED9B /* Interval.h */,
				3F1107E319903FDB0063ED9B /* Interval.m */,
				3FDE35611980A5DA00CE47D8 /* Person.h */,
				3FDE35621980A5DA00CE47D8 /* Person.m */,
				3FDE35641980A6DA00CE47D8 /* Schedule.h */,
				3FDE35651980A6DA00CE47D8 /* Schedule.m */,
				3F4796271CF01C50009ABC3F /* AlgorithmSchedule.h */,
				3F4796281CF01C50009ABC3F /* AlgorithmSchedule.m */,
				3F47962A1CF01C6D009ABC3F /* AlgorithmPerson.h */,
				3F47962B1CF01C6D009ABC3F /* AlgorithmPerson.m */,
				3F47962D1CF01C85009ABC3F /* AlgorithmInterval.h */,
				3F47962E1CF01C85009ABC3F /* AlgorithmInterval.m */,
			);
			name = Model;
			sourceTree = "<group>";
		};
		3FB42F4D19B2A5220079EDE1 /* Custom Table View Cells */ = {
			isa = PBXGroup;
			children = (
				3F47966C1CF020B9009ABC3F /* HomeGamesTableViewCell.h */,
				3F47966D1CF020B9009ABC3F /* HomeGamesTableViewCell.m */,
				3F47966E1CF020B9009ABC3F /* IntervalTableViewCell.h */,
				3F47966F1CF020B9009ABC3F /* IntervalTableViewCell.m */,
				3F4796701CF020B9009ABC3F /* JoinedHomeGameTableViewCell.h */,
				3F4796711CF020B9009ABC3F /* JoinedHomeGameTableViewCell.m */,
				3F4796721CF020B9009ABC3F /* MySchedulesTableViewCell.h */,
				3F4796731CF020B9009ABC3F /* MySchedulesTableViewCell.m */,
				3F4796741CF020B9009ABC3F /* MySettingsTableViewCell.h */,
				3F4796751CF020B9009ABC3F /* MySettingsTableViewCell.m */,
				3F4796761CF020B9009ABC3F /* NameOfScheduleTableViewCell.h */,
				3F4796771CF020B9009ABC3F /* NameOfScheduleTableViewCell.m */,
				3F4796781CF020B9009ABC3F /* PasswordTableViewCell.h */,
				3F4796791CF020B9009ABC3F /* PasswordTableViewCell.m */,
				3F47967A1CF020B9009ABC3F /* ScheduleTableViewCell.h */,
				3F47967B1CF020B9009ABC3F /* ScheduleTableViewCell.m */,
			);
			name = "Custom Table View Cells";
			sourceTree = "<group>";
		};
		3FC432B619A0579600B560F1 /* Login and Home */ = {
			isa = PBXGroup;
			children = (
				3F4796901CF02122009ABC3F /* MyPFLogInViewController.h */,
				3F4796911CF02122009ABC3F /* MyPFLogInViewController.m */,
				3F4796921CF02122009ABC3F /* MyPFSignUpViewController.h */,
				3F4796931CF02122009ABC3F /* MyPFSignUpViewController.m */,
				3F4796941CF02122009ABC3F /* MySchedulesTableViewController.h */,
				3F4796951CF02122009ABC3F /* MySchedulesTableViewController.m */,
				3F4796961CF02122009ABC3F /* MySettingsViewController.h */,
				3F4796971CF02122009ABC3F /* MySettingsViewController.m */,
			);
			name = "Login and Home";
			sourceTree = "<group>";
		};
/* End PBXGroup section */

/* Begin PBXNativeTarget section */
		3FA6D5031965E7A50043087B /* Tent */ = {
			isa = PBXNativeTarget;
			buildConfigurationList = 3FA6D5361965E7A50043087B /* Build configuration list for PBXNativeTarget "Tent" */;
			buildPhases = (
				3FA6D5001965E7A50043087B /* Sources */,
				3FA6D5011965E7A50043087B /* Frameworks */,
				3FA6D5021965E7A50043087B /* Resources */,
			);
			buildRules = (
			);
			dependencies = (
			);
			name = Tent;
			productName = Tent;
			productReference = 3FA6D5041965E7A50043087B /* Tent.app */;
			productType = "com.apple.product-type.application";
		};
		3FA6D5241965E7A50043087B /* TentTests */ = {
			isa = PBXNativeTarget;
			buildConfigurationList = 3FA6D5391965E7A50043087B /* Build configuration list for PBXNativeTarget "TentTests" */;
			buildPhases = (
				3FA6D5211965E7A50043087B /* Sources */,
				3FA6D5221965E7A50043087B /* Frameworks */,
				3FA6D5231965E7A50043087B /* Resources */,
			);
			buildRules = (
			);
			dependencies = (
				3FA6D52B1965E7A50043087B /* PBXTargetDependency */,
			);
			name = TentTests;
			productName = TentTests;
			productReference = 3FA6D5251965E7A50043087B /* TentTests.xctest */;
			productType = "com.apple.product-type.bundle.unit-test";
		};
/* End PBXNativeTarget section */

/* Begin PBXProject section */
		3FA6D4FC1965E7A50043087B /* Project object */ = {
			isa = PBXProject;
			attributes = {
				CLASSPREFIX = Schedule;
				LastUpgradeCheck = 0720;
				ORGANIZATIONNAME = "Jeremy Schreck";
				TargetAttributes = {
					3FA6D5031965E7A50043087B = {
						DevelopmentTeam = F9C8BR8ZV9;
						ProvisioningStyle = Automatic;
					};
					3FA6D5241965E7A50043087B = {
						TestTargetID = 3FA6D5031965E7A50043087B;
					};
				};
			};
			buildConfigurationList = 3FA6D4FF1965E7A50043087B /* Build configuration list for PBXProject "Duke Tenting" */;
			compatibilityVersion = "Xcode 3.2";
			developmentRegion = English;
			hasScannedForEncodings = 0;
			knownRegions = (
				en,
				Base,
			);
			mainGroup = 3FA6D4FB1965E7A50043087B;
			productRefGroup = 3FA6D5051965E7A50043087B /* Products */;
			projectDirPath = "";
			projectRoot = "";
			targets = (
				3FA6D5031965E7A50043087B /* Tent */,
				3FA6D5241965E7A50043087B /* TentTests */,
			);
		};
/* End PBXProject section */

/* Begin PBXResourcesBuildPhase section */
		3FA6D5021965E7A50043087B /* Resources */ = {
			isa = PBXResourcesBuildPhase;
			buildActionMask = 2147483647;
			files = (
				3F4796B01CF0224C009ABC3F /* InfoPlist.strings in Resources */,
				3F4796C11CF024A5009ABC3F /* Tent-Info.plist in Resources */,
				3F3B71B71C3B8FE700669C8B /* Images.xcassets in Resources */,
				3F4796A61CF021E4009ABC3F /* HomeGames.json in Resources */,
				3F9269A71C352E780096F5B7 /* Launch Screen.storyboard in Resources */,
				3FA6D51B1965E7A50043087B /* Main.storyboard in Resources */,
			);
			runOnlyForDeploymentPostprocessing = 0;
		};
		3FA6D5231965E7A50043087B /* Resources */ = {
			isa = PBXResourcesBuildPhase;
			buildActionMask = 2147483647;
			files = (
				3FA6D5311965E7A50043087B /* InfoPlist.strings in Resources */,
			);
			runOnlyForDeploymentPostprocessing = 0;
		};
/* End PBXResourcesBuildPhase section */

/* Begin PBXSourcesBuildPhase section */
		3FA6D5001965E7A50043087B /* Sources */ = {
			isa = PBXSourcesBuildPhase;
			buildActionMask = 2147483647;
			files = (
				3F47969A1CF02122009ABC3F /* MySchedulesTableViewController.m in Sources */,
				3F47969B1CF02122009ABC3F /* MySettingsViewController.m in Sources */,
				3F47967D1CF020B9009ABC3F /* IntervalTableViewCell.m in Sources */,
				3F4796651CF01ECF009ABC3F /* PickPersonTableViewController.m in Sources */,
				3F4796A51CF021E4009ABC3F /* Constants.m in Sources */,
				3F47968E1CF020F4009ABC3F /* NewScheduleTableViewController.m in Sources */,
				3F4796801CF020B9009ABC3F /* MySettingsTableViewCell.m in Sources */,
				3F47968C1CF020F4009ABC3F /* CreateScheduleTableViewController.m in Sources */,
				3F4796671CF01ECF009ABC3F /* StatsViewController.m in Sources */,
				3F4796621CF01ECF009ABC3F /* OtherPersonScheduleViewController.m in Sources */,
				3F4796601CF01ECF009ABC3F /* MeScheduleViewController.m in Sources */,
				3F4796A91CF021E4009ABC3F /* ScheduleAppDelegate.m in Sources */,
				3F47966B1CF01F77009ABC3F /* MyScheduleContainerViewController.m in Sources */,
				3F47964A1CF01EBA009ABC3F /* AdminToolsViewController.m in Sources */,
				3F4796991CF02122009ABC3F /* MyPFSignUpViewController.m in Sources */,
				3F4796611CF01ECF009ABC3F /* NowPersonsInIntervalViewController.m in Sources */,
				3F4796681CF01ECF009ABC3F /* SuperPersonsInIntervalViewController.m in Sources */,
				3F47968F1CF020F4009ABC3F /* SortGroupsViewController.m in Sources */,
				3FDE35661980A6DA00CE47D8 /* Schedule.m in Sources */,
				3F4796661CF01ECF009ABC3F /* ScheduleSettingsViewController.m in Sources */,
				3F4796831CF020B9009ABC3F /* ScheduleTableViewCell.m in Sources */,
				3F4796261CF01C07009ABC3F /* HomeGame.m in Sources */,
				3F47967E1CF020B9009ABC3F /* JoinedHomeGameTableViewCell.m in Sources */,
				3F4796811CF020B9009ABC3F /* NameOfScheduleTableViewCell.m in Sources */,
				3F4796A81CF021E4009ABC3F /* main.m in Sources */,
				3FDE35631980A5DA00CE47D8 /* Person.m in Sources */,
				3F47967C1CF020B9009ABC3F /* HomeGamesTableViewCell.m in Sources */,
				3F4796981CF02122009ABC3F /* MyPFLogInViewController.m in Sources */,
				3F1107E419903FDB0063ED9B /* Interval.m in Sources */,
				3F4796291CF01C50009ABC3F /* AlgorithmSchedule.m in Sources */,
				3F47962C1CF01C6D009ABC3F /* AlgorithmPerson.m in Sources */,
				3F47962F1CF01C85009ABC3F /* AlgorithmInterval.m in Sources */,
				3F47967F1CF020B9009ABC3F /* MySchedulesTableViewCell.m in Sources */,
				3F4796821CF020B9009ABC3F /* PasswordTableViewCell.m in Sources */,
				3F4796491CF01EBA009ABC3F /* AddPersonViewController.m in Sources */,
				3F47965F1CF01ECF009ABC3F /* IntervalsTableViewController.m in Sources */,
				3F47968D1CF020F4009ABC3F /* JoinScheduleTableViewController.m in Sources */,
				3F4796631CF01ECF009ABC3F /* PersonScheduleViewController.m in Sources */,
				3F4796641CF01ECF009ABC3F /* PersonsInIntervalViewController.m in Sources */,
			);
			runOnlyForDeploymentPostprocessing = 0;
		};
		3FA6D5211965E7A50043087B /* Sources */ = {
			isa = PBXSourcesBuildPhase;
			buildActionMask = 2147483647;
			files = (
				3FA6D5331965E7A50043087B /* TentTests.m in Sources */,
				3F4796AD1CF02221009ABC3F /* AlgorithmTest.m in Sources */,
			);
			runOnlyForDeploymentPostprocessing = 0;
		};
/* End PBXSourcesBuildPhase section */

/* Begin PBXTargetDependency section */
		3FA6D52B1965E7A50043087B /* PBXTargetDependency */ = {
			isa = PBXTargetDependency;
			target = 3FA6D5031965E7A50043087B /* Tent */;
			targetProxy = 3FA6D52A1965E7A50043087B /* PBXContainerItemProxy */;
		};
/* End PBXTargetDependency section */

/* Begin PBXVariantGroup section */
		3F4796AE1CF0224C009ABC3F /* InfoPlist.strings */ = {
			isa = PBXVariantGroup;
			children = (
				3F4796AF1CF0224C009ABC3F /* en */,
			);
			name = InfoPlist.strings;
			sourceTree = "<group>";
		};
		3FA6D5191965E7A50043087B /* Main.storyboard */ = {
			isa = PBXVariantGroup;
			children = (
				3FA6D51A1965E7A50043087B /* Base */,
			);
			name = Main.storyboard;
			sourceTree = "<group>";
		};
		3FA6D52F1965E7A50043087B /* InfoPlist.strings */ = {
			isa = PBXVariantGroup;
			children = (
				3FA6D5301965E7A50043087B /* en */,
			);
			name = InfoPlist.strings;
			sourceTree = "<group>";
		};
/* End PBXVariantGroup section */

/* Begin XCBuildConfiguration section */
		3FA6D5341965E7A50043087B /* Debug */ = {
			isa = XCBuildConfiguration;
			buildSettings = {
				ALWAYS_SEARCH_USER_PATHS = NO;
				CLANG_CXX_LANGUAGE_STANDARD = "gnu++0x";
				CLANG_CXX_LIBRARY = "libc++";
				CLANG_ENABLE_MODULES = YES;
				CLANG_ENABLE_OBJC_ARC = YES;
				CLANG_WARN_BOOL_CONVERSION = YES;
				CLANG_WARN_CONSTANT_CONVERSION = YES;
				CLANG_WARN_DIRECT_OBJC_ISA_USAGE = YES_ERROR;
				CLANG_WARN_EMPTY_BODY = YES;
				CLANG_WARN_ENUM_CONVERSION = YES;
				CLANG_WARN_INT_CONVERSION = YES;
				CLANG_WARN_OBJC_ROOT_CLASS = YES_ERROR;
				CLANG_WARN__DUPLICATE_METHOD_MATCH = YES;
				CODE_SIGN_IDENTITY = "iPhone Developer";
				"CODE_SIGN_IDENTITY[sdk=iphoneos*]" = "iPhone Developer";
				COPY_PHASE_STRIP = NO;
				ENABLE_TESTABILITY = YES;
				GCC_C_LANGUAGE_STANDARD = gnu99;
				GCC_DYNAMIC_NO_PIC = NO;
				GCC_OPTIMIZATION_LEVEL = 0;
				GCC_PREPROCESSOR_DEFINITIONS = (
					"DEBUG=1",
					"$(inherited)",
				);
				GCC_SYMBOLS_PRIVATE_EXTERN = NO;
				GCC_WARN_64_TO_32_BIT_CONVERSION = YES;
				GCC_WARN_ABOUT_RETURN_TYPE = YES_ERROR;
				GCC_WARN_UNDECLARED_SELECTOR = YES;
				GCC_WARN_UNINITIALIZED_AUTOS = YES_AGGRESSIVE;
				GCC_WARN_UNUSED_FUNCTION = YES;
				GCC_WARN_UNUSED_VARIABLE = YES;
				IPHONEOS_DEPLOYMENT_TARGET = 9.0;
				ONLY_ACTIVE_ARCH = YES;
				PROVISIONING_PROFILE = "";
				SDKROOT = iphoneos;
			};
			name = Debug;
		};
		3FA6D5351965E7A50043087B /* Release */ = {
			isa = XCBuildConfiguration;
			buildSettings = {
				ALWAYS_SEARCH_USER_PATHS = NO;
				CLANG_CXX_LANGUAGE_STANDARD = "gnu++0x";
				CLANG_CXX_LIBRARY = "libc++";
				CLANG_ENABLE_MODULES = YES;
				CLANG_ENABLE_OBJC_ARC = YES;
				CLANG_WARN_BOOL_CONVERSION = YES;
				CLANG_WARN_CONSTANT_CONVERSION = YES;
				CLANG_WARN_DIRECT_OBJC_ISA_USAGE = YES_ERROR;
				CLANG_WARN_EMPTY_BODY = YES;
				CLANG_WARN_ENUM_CONVERSION = YES;
				CLANG_WARN_INT_CONVERSION = YES;
				CLANG_WARN_OBJC_ROOT_CLASS = YES_ERROR;
				CLANG_WARN__DUPLICATE_METHOD_MATCH = YES;
				CODE_SIGN_IDENTITY = "iPhone Developer";
				"CODE_SIGN_IDENTITY[sdk=iphoneos*]" = "iPhone Developer";
				COPY_PHASE_STRIP = YES;
				ENABLE_NS_ASSERTIONS = NO;
				GCC_C_LANGUAGE_STANDARD = gnu99;
				GCC_WARN_64_TO_32_BIT_CONVERSION = YES;
				GCC_WARN_ABOUT_RETURN_TYPE = YES_ERROR;
				GCC_WARN_UNDECLARED_SELECTOR = YES;
				GCC_WARN_UNINITIALIZED_AUTOS = YES_AGGRESSIVE;
				GCC_WARN_UNUSED_FUNCTION = YES;
				GCC_WARN_UNUSED_VARIABLE = YES;
				IPHONEOS_DEPLOYMENT_TARGET = 9.0;
				PROVISIONING_PROFILE = "";
				SDKROOT = iphoneos;
				VALIDATE_PRODUCT = YES;
			};
			name = Release;
		};
		3FA6D5371965E7A50043087B /* Debug */ = {
			isa = XCBuildConfiguration;
			buildSettings = {
				ASSETCATALOG_COMPILER_APPICON_NAME = AppIcon;
				ASSETCATALOG_COMPILER_LAUNCHIMAGE_NAME = LaunchImage;
				CLANG_ENABLE_MODULES = YES;
				CODE_SIGN_IDENTITY = "iPhone Developer";
				CODE_SIGN_STYLE = Automatic;
				DEVELOPMENT_TEAM = F9C8BR8ZV9;
				FRAMEWORK_SEARCH_PATHS = (
					"$(inherited)",
					"$(PROJECT_DIR)/Tent",
					"$(PROJECT_DIR)",
					"/Users/jeremy/Developer/Xcode/AnyWall-master",
					"$(PROJECT_DIR)/Tent",
					"$(PROJECT_DIR)/Tent/Frameworks",
					"$(PROJECT_DIR)/Tent/ParseSDK",
				);
				GCC_PRECOMPILE_PREFIX_HEADER = YES;
				GCC_PREFIX_HEADER = "Tent/Tent-Prefix.pch";
				INFOPLIST_FILE = "Tent/Tent-Info.plist";
				LD_RUNPATH_SEARCH_PATHS = "$(inherited) @executable_path/Frameworks";
				PRODUCT_BUNDLE_IDENTIFIER = JES.DukeTenting2;
				PRODUCT_NAME = "$(TARGET_NAME)";
				PROVISIONING_PROFILE = "";
				PROVISIONING_PROFILE_SPECIFIER = "";
				SWIFT_OBJC_BRIDGING_HEADER = "Tent/Tent-Bridging-Header.h";
				SWIFT_OPTIMIZATION_LEVEL = "-Onone";
				WRAPPER_EXTENSION = app;
			};
			name = Debug;
		};
		3FA6D5381965E7A50043087B /* Release */ = {
			isa = XCBuildConfiguration;
			buildSettings = {
				ASSETCATALOG_COMPILER_APPICON_NAME = AppIcon;
				ASSETCATALOG_COMPILER_LAUNCHIMAGE_NAME = LaunchImage;
				CLANG_ENABLE_MODULES = YES;
				CODE_SIGN_IDENTITY = "iPhone Developer";
				CODE_SIGN_STYLE = Automatic;
				DEVELOPMENT_TEAM = F9C8BR8ZV9;
				FRAMEWORK_SEARCH_PATHS = (
					"$(inherited)",
					"$(PROJECT_DIR)/Tent",
					"$(PROJECT_DIR)",
					"/Users/jeremy/Developer/Xcode/AnyWall-master",
					"$(PROJECT_DIR)/Tent",
					"$(PROJECT_DIR)/Tent/Frameworks",
					"$(PROJECT_DIR)/Tent/ParseSDK",
				);
				GCC_PRECOMPILE_PREFIX_HEADER = YES;
				GCC_PREFIX_HEADER = "Tent/Tent-Prefix.pch";
				INFOPLIST_FILE = "Tent/Tent-Info.plist";
				LD_RUNPATH_SEARCH_PATHS = "$(inherited) @executable_path/Frameworks";
				PRODUCT_BUNDLE_IDENTIFIER = JES.DukeTenting2;
				PRODUCT_NAME = "$(TARGET_NAME)";
				PROVISIONING_PROFILE = "";
				PROVISIONING_PROFILE_SPECIFIER = "";
				SWIFT_OBJC_BRIDGING_HEADER = "Tent/Tent-Bridging-Header.h";
				WRAPPER_EXTENSION = app;
			};
			name = Release;
		};
		3FA6D53A1965E7A50043087B /* Debug */ = {
			isa = XCBuildConfiguration;
			buildSettings = {
				BUNDLE_LOADER = "$(BUILT_PRODUCTS_DIR)/Tent.app/Tent";
				FRAMEWORK_SEARCH_PATHS = (
					"$(SDKROOT)/Developer/Library/Frameworks",
					"$(inherited)",
					"$(DEVELOPER_FRAMEWORKS_DIR)",
				);
				GCC_PRECOMPILE_PREFIX_HEADER = YES;
				GCC_PREFIX_HEADER = "Tent/Tent-Prefix.pch";
				GCC_PREPROCESSOR_DEFINITIONS = (
					"DEBUG=1",
					"$(inherited)",
				);
				INFOPLIST_FILE = "TentTests/TentTests-Info.plist";
				PRODUCT_BUNDLE_IDENTIFIER = "jes85.${PRODUCT_NAME:rfc1034identifier}";
				PRODUCT_NAME = "$(TARGET_NAME)";
				TEST_HOST = "$(BUNDLE_LOADER)";
				WRAPPER_EXTENSION = xctest;
			};
			name = Debug;
		};
		3FA6D53B1965E7A50043087B /* Release */ = {
			isa = XCBuildConfiguration;
			buildSettings = {
				BUNDLE_LOADER = "$(BUILT_PRODUCTS_DIR)/Tent.app/Tent";
				FRAMEWORK_SEARCH_PATHS = (
					"$(SDKROOT)/Developer/Library/Frameworks",
					"$(inherited)",
					"$(DEVELOPER_FRAMEWORKS_DIR)",
				);
				GCC_PRECOMPILE_PREFIX_HEADER = YES;
				GCC_PREFIX_HEADER = "Tent/Tent-Prefix.pch";
				INFOPLIST_FILE = "TentTests/TentTests-Info.plist";
				PRODUCT_BUNDLE_IDENTIFIER = "jes85.${PRODUCT_NAME:rfc1034identifier}";
				PRODUCT_NAME = "$(TARGET_NAME)";
				TEST_HOST = "$(BUNDLE_LOADER)";
				WRAPPER_EXTENSION = xctest;
			};
			name = Release;
		};
/* End XCBuildConfiguration section */

/* Begin XCConfigurationList section */
		3FA6D4FF1965E7A50043087B /* Build configuration list for PBXProject "Duke Tenting" */ = {
			isa = XCConfigurationList;
			buildConfigurations = (
				3FA6D5341965E7A50043087B /* Debug */,
				3FA6D5351965E7A50043087B /* Release */,
			);
			defaultConfigurationIsVisible = 0;
			defaultConfigurationName = Release;
		};
		3FA6D5361965E7A50043087B /* Build configuration list for PBXNativeTarget "Tent" */ = {
			isa = XCConfigurationList;
			buildConfigurations = (
				3FA6D5371965E7A50043087B /* Debug */,
				3FA6D5381965E7A50043087B /* Release */,
			);
			defaultConfigurationIsVisible = 0;
			defaultConfigurationName = Release;
		};
		3FA6D5391965E7A50043087B /* Build configuration list for PBXNativeTarget "TentTests" */ = {
			isa = XCConfigurationList;
			buildConfigurations = (
				3FA6D53A1965E7A50043087B /* Debug */,
				3FA6D53B1965E7A50043087B /* Release */,
			);
			defaultConfigurationIsVisible = 0;
			defaultConfigurationName = Release;
		};
/* End XCConfigurationList section */
	};
	rootObject = 3FA6D4FC1965E7A50043087B /* Project object */;
}
